// !$*UTF8*$!
{
	archiveVersion = 1;
	classes = {
	};
	objectVersion = 46;
	objects = {

/* Begin PBXAggregateTarget section */
		FF2144D7764CE0BEA9EC7E6C /* ArtieARA - All */ = {
			isa = PBXAggregateTarget;
			buildConfigurationList = E46D3CAA6F7CC483DECD4BF8;
			buildPhases = (
			);
			dependencies = (
				D44610F4BFC05580F8B86004,
				7E1CF738DD066CA0BAD901BD,
				0139651E656FE4B779651D06,
				D200D0F909E8E1C029CE4B14,
			);
			name = "ArtieARA - All";
			productName = ArtieARA;
		};
/* End PBXAggregateTarget section */

/* Begin PBXBuildFile section */
		00EA09F4BEBBC417E469CA87 /* CoreAudio.framework */ = {isa = PBXBuildFile; fileRef = A2B36C988D8C73040E31B92C; };
		1246202741D74BCA20129C06 /* include_juce_events.mm */ = {isa = PBXBuildFile; fileRef = 393409B6E43BD4B5A501F37F; };
		240D2AA03EEFE92E0F0D1521 /* CoreAudioKit.framework */ = {isa = PBXBuildFile; fileRef = 44FB1B3EAB3FFFFEAFE56327; };
		255926E2569ACE66F65F34F8 /* Standalone Plugin */ = {isa = PBXBuildFile; fileRef = C4567FC8013CAF68D72C0B03; };
		2B22ABEF49214B61DE897B2C /* PluginProcessor.cpp */ = {isa = PBXBuildFile; fileRef = 8258FD4AF4314DCC9CC5499F; };
		31EF506AF9C45F22F9502DA2 /* include_juce_audio_plugin_client_AU_1.mm */ = {isa = PBXBuildFile; fileRef = 6EB2C3A89360CB63FBCE809A; };
		330494F00E3EA52C7E510A24 /* WebKit.framework */ = {isa = PBXBuildFile; fileRef = 63C5929E54AFA316FEB32B50; };
		3E65DB7700774C3DB199FA8E /* QuartzCore.framework */ = {isa = PBXBuildFile; fileRef = 4F1732E6E9DC65EF17B2BD71; };
		436AF7D23F7104479C4FA59C /* PluginARAEditorRenderer.cpp */ = {isa = PBXBuildFile; fileRef = B30B6A5FAA50258B3DFB9929; };
		44F1FAEB272137876CE731EB /* RegionSequenceView.cpp */ = {isa = PBXBuildFile; fileRef = B299DE4D77A7DADD1E821D47; };
		4BA632580B24BEF853A67973 /* AudioToolbox.framework */ = {isa = PBXBuildFile; fileRef = C65AAC0865F599539E56D1A4; };
		4D3BF54345A36B397FCCA14E /* include_juce_gui_basics.mm */ = {isa = PBXBuildFile; fileRef = A7A3032BD9716F55DB0B6871; };
		4E8B65DB9F0FFEBA732DB1B9 /* AudioUnit.framework */ = {isa = PBXBuildFile; fileRef = C91E96297497D678AE193720; };
		4F8C3A8A6EC156808FB29CBE /* include_juce_audio_utils.mm */ = {isa = PBXBuildFile; fileRef = 26FCFCA8E241492F993BA7B9; };
		505A2C936B7F8332C1E77754 /* PluginARAPlaybackRenderer.cpp */ = {isa = PBXBuildFile; fileRef = A26B1989616951EE59A67619; };
		525147B6B3D95A843F0C0D1D /* include_juce_audio_plugin_client_utils.cpp */ = {isa = PBXBuildFile; fileRef = 75D608A4CE926BB4F1F34E72; };
		5652798FE1E8E1A0CDE019A5 /* include_juce_audio_plugin_client_ARA.cpp */ = {isa = PBXBuildFile; fileRef = 1D3211B832BDEA9E592E7466; };
		5FF2FFA64F1FB82D6578A936 /* include_juce_audio_plugin_client_VST3.cpp */ = {isa = PBXBuildFile; fileRef = E8918361DBE432C7C788EFF7; };
		67ED455D0F53109F05D127B0 /* include_juce_core.mm */ = {isa = PBXBuildFile; fileRef = 6EA641D591260132D7EAE002; };
		6BAD535B569BD5C95B92B785 /* include_juce_audio_plugin_client_AU_2.mm */ = {isa = PBXBuildFile; fileRef = 6EF115B9B969B970929DC085; };
		6E8A50FE10DDDEACF4F51D6F /* PlaybackRegionView.cpp */ = {isa = PBXBuildFile; fileRef = 640364C7D81B970A14FE2D8B; };
		71466A7823435417126B77E4 /* DocumentView.cpp */ = {isa = PBXBuildFile; fileRef = C892ACC230F4F8C9FC57F442; };
		72A3ADB28F98BDB97E520FC1 /* include_juce_audio_processors_lv2_libs.cpp */ = {isa = PBXBuildFile; fileRef = 03105CDA3433C083B6F193BD; };
		7976FFEBB4036F361EE5FC8E /* RecentFilesMenuTemplate.nib */ = {isa = PBXBuildFile; fileRef = 3BBF293A8E9273BF1BE5FD0F; };
		7FE95B90662D2919E582D8DE /* PluginEditor.cpp */ = {isa = PBXBuildFile; fileRef = 66504DA8AD3E8942864D7686; };
		7FF113CCA1E50D942FB35CAF /* include_juce_gui_extra.mm */ = {isa = PBXBuildFile; fileRef = 05E63CC836D37549ADF11B96; };
		865236078E6DA7D3F462131E /* Foundation.framework */ = {isa = PBXBuildFile; fileRef = E70AA7290274DA8DCECC9349; };
		8722533F7EFA08AC82EF2060 /* OverlayComponent.cpp */ = {isa = PBXBuildFile; fileRef = 2F72ECE2E4C6EB771C44ACC2; };
		8AD22FB33AE2AEB2E038A9E2 /* Accelerate.framework */ = {isa = PBXBuildFile; fileRef = 91A257B68F7AEF87BB2EB4D5; };
		95E33E49A801CE269D2F9B7B /* Cocoa.framework */ = {isa = PBXBuildFile; fileRef = AC55DD71FDA7E677AE93E440; };
		96F6C1833C024AD50D47FE01 /* include_juce_audio_formats.mm */ = {isa = PBXBuildFile; fileRef = E2E98C7F20FC893FF8D317C0; };
		97599DAE59B8C50B961085A1 /* TrackHeader.cpp */ = {isa = PBXBuildFile; fileRef = 87A385E800124FF4437F4EC2; };
		A3C1BD5EB2DAEA34ABDF079B /* include_juce_audio_plugin_client_VST_utils.mm */ = {isa = PBXBuildFile; fileRef = 23312616F42F3E9F0B4B0B2A; };
		A4EF08DF9FE34E8016A96BED /* DiscRecording.framework */ = {isa = PBXBuildFile; fileRef = 6F01B35A95A5BE7E48A7D0C0; };
		A550572F8D5AA7CFFFD7DAB6 /* PluginARADocumentController.cpp */ = {isa = PBXBuildFile; fileRef = F5C063EF37D291954D9FF09D; };
		B292D2F3B8ED1280DDC96FD4 /* include_juce_data_structures.mm */ = {isa = PBXBuildFile; fileRef = F9EC337AE1D84B7A514D5B9D; };
		B4E2938DCFCDDF1741851B86 /* include_juce_audio_processors.mm */ = {isa = PBXBuildFile; fileRef = 951394E3248EBCE64FD8C0FE; };
		B9CBC5569066A72996195886 /* AU */ = {isa = PBXBuildFile; fileRef = FB7A6B6AF522E37C2C9B4C4A; };
		B9F68A9942CF61A997EA5A5F /* Shared Code */ = {isa = PBXBuildFile; fileRef = DD39FFEF15F28E7DB9792940; };
		BFB51A177652788841F249E6 /* include_juce_audio_plugin_client_AU.r */ = {isa = PBXBuildFile; fileRef = C81FB9F76DB59FA17B8709BA; };
		C6FF0BB97B1C582E9F075451 /* Looper.cpp */ = {isa = PBXBuildFile; fileRef = EE0C93B6B3A3054DE3FDF2B6; };
		CD62F2BBF23109A19BC63CCB /* include_juce_audio_devices.mm */ = {isa = PBXBuildFile; fileRef = 313A1050AD92E82F65DF6867; };
		D16F137C4F41CE3A93B89699 /* include_juce_graphics.mm */ = {isa = PBXBuildFile; fileRef = 3391DA7676E328B134D8828A; };
		D4C28C2B0EE2B1A78AB87A02 /* CoreMIDI.framework */ = {isa = PBXBuildFile; fileRef = 93516E24D55018C814E030BF; };
		DC4872C003091B6316431332 /* include_juce_audio_basics.mm */ = {isa = PBXBuildFile; fileRef = DC34775F00A62519D5F14F8C; };
		E145ED2F07C1CDAF3575AAD3 /* IOKit.framework */ = {isa = PBXBuildFile; fileRef = 35DDBD48F25091DE73179F46; };
		E194A3DAC2973075CB898C0E /* include_juce_audio_processors_ara.cpp */ = {isa = PBXBuildFile; fileRef = C901FB952F59C61D5E64755B; };
		F8D7EE83756D05D6D5A0F522 /* include_juce_audio_plugin_client_Standalone.cpp */ = {isa = PBXBuildFile; fileRef = 15B21DFD057E57F80311C536; };
		FB900A355A17A8583FFF5B58 /* VST3 */ = {isa = PBXBuildFile; fileRef = 55108D6217952E6FD8CFA976; };
/* End PBXBuildFile section */

/* Begin PBXFileReference section */
		03105CDA3433C083B6F193BD /* include_juce_audio_processors_lv2_libs.cpp */ /* include_juce_audio_processors_lv2_libs.cpp */ = {isa = PBXFileReference; lastKnownFileType = sourcecode.cpp.cpp; name = include_juce_audio_processors_lv2_libs.cpp; path = ../../JuceLibraryCode/include_juce_audio_processors_lv2_libs.cpp; sourceTree = SOURCE_ROOT; };
		0504FAD897D1E3FC0E7C26DB /* Info-VST3.plist */ /* Info-VST3.plist */ = {isa = PBXFileReference; lastKnownFileType = text.plist.xml; name = "Info-VST3.plist"; path = "Info-VST3.plist"; sourceTree = SOURCE_ROOT; };
		05E63CC836D37549ADF11B96 /* include_juce_gui_extra.mm */ /* include_juce_gui_extra.mm */ = {isa = PBXFileReference; lastKnownFileType = sourcecode.cpp.objcpp; name = include_juce_gui_extra.mm; path = ../../JuceLibraryCode/include_juce_gui_extra.mm; sourceTree = SOURCE_ROOT; };
		073384A5D4B98B099796F23E /* juce_core */ /* juce_core */ = {isa = PBXFileReference; lastKnownFileType = folder; name = juce_core; path = ../../../JUCE_7/JUCE/modules/juce_core; sourceTree = SOURCE_ROOT; };
		0C5B92202D32494133C91EE9 /* juce_events */ /* juce_events */ = {isa = PBXFileReference; lastKnownFileType = folder; name = juce_events; path = ../../../JUCE_7/JUCE/modules/juce_events; sourceTree = SOURCE_ROOT; };
		0D2598AB2B8A0F7AA1484B0C /* ZoomControls.h */ /* ZoomControls.h */ = {isa = PBXFileReference; lastKnownFileType = sourcecode.c.h; name = ZoomControls.h; path = ../../Source/ZoomControls.h; sourceTree = SOURCE_ROOT; };
		0D4F56D4BCD1E60F32CF996E /* PluginProcessor.h */ /* PluginProcessor.h */ = {isa = PBXFileReference; lastKnownFileType = sourcecode.c.h; name = PluginProcessor.h; path = ../../Source/PluginProcessor.h; sourceTree = SOURCE_ROOT; };
		0EEA4F501136A31C0E8A909E /* Info-Standalone_Plugin.plist */ /* Info-Standalone_Plugin.plist */ = {isa = PBXFileReference; lastKnownFileType = text.plist.xml; name = "Info-Standalone_Plugin.plist"; path = "Info-Standalone_Plugin.plist"; sourceTree = SOURCE_ROOT; };
		15B21DFD057E57F80311C536 /* include_juce_audio_plugin_client_Standalone.cpp */ /* include_juce_audio_plugin_client_Standalone.cpp */ = {isa = PBXFileReference; lastKnownFileType = sourcecode.cpp.cpp; name = include_juce_audio_plugin_client_Standalone.cpp; path = ../../JuceLibraryCode/include_juce_audio_plugin_client_Standalone.cpp; sourceTree = SOURCE_ROOT; };
		180852C12A6335A0BA6154B2 /* OptionalRange.h */ /* OptionalRange.h */ = {isa = PBXFileReference; lastKnownFileType = sourcecode.c.h; name = OptionalRange.h; path = ../../Source/OptionalRange.h; sourceTree = SOURCE_ROOT; };
		1B1ED37DB172E3464A70C313 /* DocumentView.h */ /* DocumentView.h */ = {isa = PBXFileReference; lastKnownFileType = sourcecode.c.h; name = DocumentView.h; path = ../../Source/DocumentView.h; sourceTree = SOURCE_ROOT; };
		1D3211B832BDEA9E592E7466 /* include_juce_audio_plugin_client_ARA.cpp */ /* include_juce_audio_plugin_client_ARA.cpp */ = {isa = PBXFileReference; lastKnownFileType = sourcecode.cpp.cpp; name = include_juce_audio_plugin_client_ARA.cpp; path = ../../JuceLibraryCode/include_juce_audio_plugin_client_ARA.cpp; sourceTree = SOURCE_ROOT; };
		1EA275EF7ABE0A5AFB9D5A81 /* VerticalLayoutViewportContent.h */ /* VerticalLayoutViewportContent.h */ = {isa = PBXFileReference; lastKnownFileType = sourcecode.c.h; name = VerticalLayoutViewportContent.h; path = ../../Source/VerticalLayoutViewportContent.h; sourceTree = SOURCE_ROOT; };
		23312616F42F3E9F0B4B0B2A /* include_juce_audio_plugin_client_VST_utils.mm */ /* include_juce_audio_plugin_client_VST_utils.mm */ = {isa = PBXFileReference; lastKnownFileType = sourcecode.cpp.objcpp; name = include_juce_audio_plugin_client_VST_utils.mm; path = ../../JuceLibraryCode/include_juce_audio_plugin_client_VST_utils.mm; sourceTree = SOURCE_ROOT; };
		26FCFCA8E241492F993BA7B9 /* include_juce_audio_utils.mm */ /* include_juce_audio_utils.mm */ = {isa = PBXFileReference; lastKnownFileType = sourcecode.cpp.objcpp; name = include_juce_audio_utils.mm; path = ../../JuceLibraryCode/include_juce_audio_utils.mm; sourceTree = SOURCE_ROOT; };
		2B51E473CE50E20F447A42C6 /* PossiblyBufferedReader.h */ /* PossiblyBufferedReader.h */ = {isa = PBXFileReference; lastKnownFileType = sourcecode.c.h; name = PossiblyBufferedReader.h; path = ../../Source/PossiblyBufferedReader.h; sourceTree = SOURCE_ROOT; };
		2F44E1ABD8B7440C8E856F43 /* juce_audio_formats */ /* juce_audio_formats */ = {isa = PBXFileReference; lastKnownFileType = folder; name = juce_audio_formats; path = ../../../JUCE_7/JUCE/modules/juce_audio_formats; sourceTree = SOURCE_ROOT; };
		2F72ECE2E4C6EB771C44ACC2 /* OverlayComponent.cpp */ /* OverlayComponent.cpp */ = {isa = PBXFileReference; lastKnownFileType = sourcecode.cpp.cpp; name = OverlayComponent.cpp; path = ../../Source/OverlayComponent.cpp; sourceTree = SOURCE_ROOT; };
		313A1050AD92E82F65DF6867 /* include_juce_audio_devices.mm */ /* include_juce_audio_devices.mm */ = {isa = PBXFileReference; lastKnownFileType = sourcecode.cpp.objcpp; name = include_juce_audio_devices.mm; path = ../../JuceLibraryCode/include_juce_audio_devices.mm; sourceTree = SOURCE_ROOT; };
		3391DA7676E328B134D8828A /* include_juce_graphics.mm */ /* include_juce_graphics.mm */ = {isa = PBXFileReference; lastKnownFileType = sourcecode.cpp.objcpp; name = include_juce_graphics.mm; path = ../../JuceLibraryCode/include_juce_graphics.mm; sourceTree = SOURCE_ROOT; };
		35716398967F99437A8AD270 /* Info-AU.plist */ /* Info-AU.plist */ = {isa = PBXFileReference; lastKnownFileType = text.plist.xml; name = "Info-AU.plist"; path = "Info-AU.plist"; sourceTree = SOURCE_ROOT; };
		35DDBD48F25091DE73179F46 /* IOKit.framework */ /* IOKit.framework */ = {isa = PBXFileReference; lastKnownFileType = wrapper.framework; name = IOKit.framework; path = System/Library/Frameworks/IOKit.framework; sourceTree = SDKROOT; };
		393409B6E43BD4B5A501F37F /* include_juce_events.mm */ /* include_juce_events.mm */ = {isa = PBXFileReference; lastKnownFileType = sourcecode.cpp.objcpp; name = include_juce_events.mm; path = ../../JuceLibraryCode/include_juce_events.mm; sourceTree = SOURCE_ROOT; };
		3BBF293A8E9273BF1BE5FD0F /* RecentFilesMenuTemplate.nib */ /* RecentFilesMenuTemplate.nib */ = {isa = PBXFileReference; lastKnownFileType = file.nib; name = RecentFilesMenuTemplate.nib; path = RecentFilesMenuTemplate.nib; sourceTree = SOURCE_ROOT; };
		44FB1B3EAB3FFFFEAFE56327 /* CoreAudioKit.framework */ /* CoreAudioKit.framework */ = {isa = PBXFileReference; lastKnownFileType = wrapper.framework; name = CoreAudioKit.framework; path = System/Library/Frameworks/CoreAudioKit.framework; sourceTree = SDKROOT; };
		4BD9F2B533DC9E07F4332BC2 /* juce_audio_plugin_client */ /* juce_audio_plugin_client */ = {isa = PBXFileReference; lastKnownFileType = folder; name = juce_audio_plugin_client; path = ../../../JUCE_7/JUCE/modules/juce_audio_plugin_client; sourceTree = SOURCE_ROOT; };
		4F1732E6E9DC65EF17B2BD71 /* QuartzCore.framework */ /* QuartzCore.framework */ = {isa = PBXFileReference; lastKnownFileType = wrapper.framework; name = QuartzCore.framework; path = System/Library/Frameworks/QuartzCore.framework; sourceTree = SDKROOT; };
		55108D6217952E6FD8CFA976 /* VST3 */ = {isa = PBXFileReference; explicitFileType = wrapper.cfbundle; includeInIndex = 0; path = ArtieARA.vst3; sourceTree = BUILT_PRODUCTS_DIR; };
		5C7EA7951D443B3154DA0CAB /* juce_audio_basics */ /* juce_audio_basics */ = {isa = PBXFileReference; lastKnownFileType = folder; name = juce_audio_basics; path = ../../../JUCE_7/JUCE/modules/juce_audio_basics; sourceTree = SOURCE_ROOT; };
		5CE997BF38F8D001FFF96205 /* JucePluginDefines.h */ /* JucePluginDefines.h */ = {isa = PBXFileReference; lastKnownFileType = sourcecode.c.h; name = JucePluginDefines.h; path = ../../JuceLibraryCode/JucePluginDefines.h; sourceTree = SOURCE_ROOT; };
		60AEB14AD9D215979211D682 /* juce_audio_processors */ /* juce_audio_processors */ = {isa = PBXFileReference; lastKnownFileType = folder; name = juce_audio_processors; path = ../../../JUCE_7/JUCE/modules/juce_audio_processors; sourceTree = SOURCE_ROOT; };
		63C5929E54AFA316FEB32B50 /* WebKit.framework */ /* WebKit.framework */ = {isa = PBXFileReference; lastKnownFileType = wrapper.framework; name = WebKit.framework; path = System/Library/Frameworks/WebKit.framework; sourceTree = SDKROOT; };
		640364C7D81B970A14FE2D8B /* PlaybackRegionView.cpp */ /* PlaybackRegionView.cpp */ = {isa = PBXFileReference; lastKnownFileType = sourcecode.cpp.cpp; name = PlaybackRegionView.cpp; path = ../../Source/PlaybackRegionView.cpp; sourceTree = SOURCE_ROOT; };
		66504DA8AD3E8942864D7686 /* PluginEditor.cpp */ /* PluginEditor.cpp */ = {isa = PBXFileReference; lastKnownFileType = sourcecode.cpp.cpp; name = PluginEditor.cpp; path = ../../Source/PluginEditor.cpp; sourceTree = SOURCE_ROOT; };
		6EA641D591260132D7EAE002 /* include_juce_core.mm */ /* include_juce_core.mm */ = {isa = PBXFileReference; lastKnownFileType = sourcecode.cpp.objcpp; name = include_juce_core.mm; path = ../../JuceLibraryCode/include_juce_core.mm; sourceTree = SOURCE_ROOT; };
		6EB2C3A89360CB63FBCE809A /* include_juce_audio_plugin_client_AU_1.mm */ /* include_juce_audio_plugin_client_AU_1.mm */ = {isa = PBXFileReference; lastKnownFileType = sourcecode.cpp.objcpp; name = include_juce_audio_plugin_client_AU_1.mm; path = ../../JuceLibraryCode/include_juce_audio_plugin_client_AU_1.mm; sourceTree = SOURCE_ROOT; };
		6EF115B9B969B970929DC085 /* include_juce_audio_plugin_client_AU_2.mm */ /* include_juce_audio_plugin_client_AU_2.mm */ = {isa = PBXFileReference; lastKnownFileType = sourcecode.cpp.objcpp; name = include_juce_audio_plugin_client_AU_2.mm; path = ../../JuceLibraryCode/include_juce_audio_plugin_client_AU_2.mm; sourceTree = SOURCE_ROOT; };
		6F01B35A95A5BE7E48A7D0C0 /* DiscRecording.framework */ /* DiscRecording.framework */ = {isa = PBXFileReference; lastKnownFileType = wrapper.framework; name = DiscRecording.framework; path = System/Library/Frameworks/DiscRecording.framework; sourceTree = SDKROOT; };
		6F3F47C7BD0DDFEDEB4D893C /* UtilObjects.h */ /* UtilObjects.h */ = {isa = PBXFileReference; lastKnownFileType = sourcecode.c.h; name = UtilObjects.h; path = ../../Source/UtilObjects.h; sourceTree = SOURCE_ROOT; };
		75D608A4CE926BB4F1F34E72 /* include_juce_audio_plugin_client_utils.cpp */ /* include_juce_audio_plugin_client_utils.cpp */ = {isa = PBXFileReference; lastKnownFileType = sourcecode.cpp.cpp; name = include_juce_audio_plugin_client_utils.cpp; path = ../../JuceLibraryCode/include_juce_audio_plugin_client_utils.cpp; sourceTree = SOURCE_ROOT; };
		8258FD4AF4314DCC9CC5499F /* PluginProcessor.cpp */ /* PluginProcessor.cpp */ = {isa = PBXFileReference; lastKnownFileType = sourcecode.cpp.cpp; name = PluginProcessor.cpp; path = ../../Source/PluginProcessor.cpp; sourceTree = SOURCE_ROOT; };
		87A385E800124FF4437F4EC2 /* TrackHeader.cpp */ /* TrackHeader.cpp */ = {isa = PBXFileReference; lastKnownFileType = sourcecode.cpp.cpp; name = TrackHeader.cpp; path = ../../Source/TrackHeader.cpp; sourceTree = SOURCE_ROOT; };
		898A38630E17F385B93111A5 /* PluginEditor.h */ /* PluginEditor.h */ = {isa = PBXFileReference; lastKnownFileType = sourcecode.c.h; name = PluginEditor.h; path = ../../Source/PluginEditor.h; sourceTree = SOURCE_ROOT; };
		91A257B68F7AEF87BB2EB4D5 /* Accelerate.framework */ /* Accelerate.framework */ = {isa = PBXFileReference; lastKnownFileType = wrapper.framework; name = Accelerate.framework; path = System/Library/Frameworks/Accelerate.framework; sourceTree = SDKROOT; };
		925102F8E2184AED8B62EB28 /* PluginARAPlaybackRenderer.h */ /* PluginARAPlaybackRenderer.h */ = {isa = PBXFileReference; lastKnownFileType = sourcecode.c.h; name = PluginARAPlaybackRenderer.h; path = ../../Source/PluginARAPlaybackRenderer.h; sourceTree = SOURCE_ROOT; };
		93516E24D55018C814E030BF /* CoreMIDI.framework */ /* CoreMIDI.framework */ = {isa = PBXFileReference; lastKnownFileType = wrapper.framework; name = CoreMIDI.framework; path = System/Library/Frameworks/CoreMIDI.framework; sourceTree = SDKROOT; };
		951394E3248EBCE64FD8C0FE /* include_juce_audio_processors.mm */ /* include_juce_audio_processors.mm */ = {isa = PBXFileReference; lastKnownFileType = sourcecode.cpp.objcpp; name = include_juce_audio_processors.mm; path = ../../JuceLibraryCode/include_juce_audio_processors.mm; sourceTree = SOURCE_ROOT; };
		9A071340C623139DD0E1B67B /* juce_audio_utils */ /* juce_audio_utils */ = {isa = PBXFileReference; lastKnownFileType = folder; name = juce_audio_utils; path = ../../../JUCE_7/JUCE/modules/juce_audio_utils; sourceTree = SOURCE_ROOT; };
		A26B1989616951EE59A67619 /* PluginARAPlaybackRenderer.cpp */ /* PluginARAPlaybackRenderer.cpp */ = {isa = PBXFileReference; lastKnownFileType = sourcecode.cpp.cpp; name = PluginARAPlaybackRenderer.cpp; path = ../../Source/PluginARAPlaybackRenderer.cpp; sourceTree = SOURCE_ROOT; };
		A2B36C988D8C73040E31B92C /* CoreAudio.framework */ /* CoreAudio.framework */ = {isa = PBXFileReference; lastKnownFileType = wrapper.framework; name = CoreAudio.framework; path = System/Library/Frameworks/CoreAudio.framework; sourceTree = SDKROOT; };
		A7A3032BD9716F55DB0B6871 /* include_juce_gui_basics.mm */ /* include_juce_gui_basics.mm */ = {isa = PBXFileReference; lastKnownFileType = sourcecode.cpp.objcpp; name = include_juce_gui_basics.mm; path = ../../JuceLibraryCode/include_juce_gui_basics.mm; sourceTree = SOURCE_ROOT; };
		AC55DD71FDA7E677AE93E440 /* Cocoa.framework */ /* Cocoa.framework */ = {isa = PBXFileReference; lastKnownFileType = wrapper.framework; name = Cocoa.framework; path = System/Library/Frameworks/Cocoa.framework; sourceTree = SDKROOT; };
		B299DE4D77A7DADD1E821D47 /* RegionSequenceView.cpp */ /* RegionSequenceView.cpp */ = {isa = PBXFileReference; lastKnownFileType = sourcecode.cpp.cpp; name = RegionSequenceView.cpp; path = ../../Source/RegionSequenceView.cpp; sourceTree = SOURCE_ROOT; };
		B30B6A5FAA50258B3DFB9929 /* PluginARAEditorRenderer.cpp */ /* PluginARAEditorRenderer.cpp */ = {isa = PBXFileReference; lastKnownFileType = sourcecode.cpp.cpp; name = PluginARAEditorRenderer.cpp; path = ../../Source/PluginARAEditorRenderer.cpp; sourceTree = SOURCE_ROOT; };
		BB48CFC86E0DFF42F26B17EC /* juce_gui_extra */ /* juce_gui_extra */ = {isa = PBXFileReference; lastKnownFileType = folder; name = juce_gui_extra; path = ../../../JUCE_7/JUCE/modules/juce_gui_extra; sourceTree = SOURCE_ROOT; };
		C4567FC8013CAF68D72C0B03 /* Standalone Plugin */ = {isa = PBXFileReference; explicitFileType = wrapper.application; includeInIndex = 0; path = ArtieARA.app; sourceTree = BUILT_PRODUCTS_DIR; };
		C4F4C2AB99019C45EC8C5364 /* Looper.h */ /* Looper.h */ = {isa = PBXFileReference; lastKnownFileType = sourcecode.c.h; name = Looper.h; path = ../../Source/Looper.h; sourceTree = SOURCE_ROOT; };
		C65AAC0865F599539E56D1A4 /* AudioToolbox.framework */ /* AudioToolbox.framework */ = {isa = PBXFileReference; lastKnownFileType = wrapper.framework; name = AudioToolbox.framework; path = System/Library/Frameworks/AudioToolbox.framework; sourceTree = SDKROOT; };
		C81FB9F76DB59FA17B8709BA /* include_juce_audio_plugin_client_AU.r */ /* include_juce_audio_plugin_client_AU.r */ = {isa = PBXFileReference; lastKnownFileType = file.r; name = include_juce_audio_plugin_client_AU.r; path = ../../JuceLibraryCode/include_juce_audio_plugin_client_AU.r; sourceTree = SOURCE_ROOT; };
		C892ACC230F4F8C9FC57F442 /* DocumentView.cpp */ /* DocumentView.cpp */ = {isa = PBXFileReference; lastKnownFileType = sourcecode.cpp.cpp; name = DocumentView.cpp; path = ../../Source/DocumentView.cpp; sourceTree = SOURCE_ROOT; };
		C901FB952F59C61D5E64755B /* include_juce_audio_processors_ara.cpp */ /* include_juce_audio_processors_ara.cpp */ = {isa = PBXFileReference; lastKnownFileType = sourcecode.cpp.cpp; name = include_juce_audio_processors_ara.cpp; path = ../../JuceLibraryCode/include_juce_audio_processors_ara.cpp; sourceTree = SOURCE_ROOT; };
		C91E96297497D678AE193720 /* AudioUnit.framework */ /* AudioUnit.framework */ = {isa = PBXFileReference; lastKnownFileType = wrapper.framework; name = AudioUnit.framework; path = System/Library/Frameworks/AudioUnit.framework; sourceTree = SDKROOT; };
		D6C42991684702418DDE67A8 /* WaveformCache.h */ /* WaveformCache.h */ = {isa = PBXFileReference; lastKnownFileType = sourcecode.c.h; name = WaveformCache.h; path = ../../Source/WaveformCache.h; sourceTree = SOURCE_ROOT; };
		D742848699562A1460271AAC /* juce_gui_basics */ /* juce_gui_basics */ = {isa = PBXFileReference; lastKnownFileType = folder; name = juce_gui_basics; path = ../../../JUCE_7/JUCE/modules/juce_gui_basics; sourceTree = SOURCE_ROOT; };
		D9A718091BA294EC5ABD87A7 /* PluginARAEditorRenderer.h */ /* PluginARAEditorRenderer.h */ = {isa = PBXFileReference; lastKnownFileType = sourcecode.c.h; name = PluginARAEditorRenderer.h; path = ../../Source/PluginARAEditorRenderer.h; sourceTree = SOURCE_ROOT; };
		DB84D5C1E1B2BAEBC3F48D81 /* PlaybackRegionView.h */ /* PlaybackRegionView.h */ = {isa = PBXFileReference; lastKnownFileType = sourcecode.c.h; name = PlaybackRegionView.h; path = ../../Source/PlaybackRegionView.h; sourceTree = SOURCE_ROOT; };
		DC34775F00A62519D5F14F8C /* include_juce_audio_basics.mm */ /* include_juce_audio_basics.mm */ = {isa = PBXFileReference; lastKnownFileType = sourcecode.cpp.objcpp; name = include_juce_audio_basics.mm; path = ../../JuceLibraryCode/include_juce_audio_basics.mm; sourceTree = SOURCE_ROOT; };
		DD39FFEF15F28E7DB9792940 /* Shared Code */ = {isa = PBXFileReference; explicitFileType = archive.ar; includeInIndex = 0; path = libArtieARA.a; sourceTree = BUILT_PRODUCTS_DIR; };
		E2E98C7F20FC893FF8D317C0 /* include_juce_audio_formats.mm */ /* include_juce_audio_formats.mm */ = {isa = PBXFileReference; lastKnownFileType = sourcecode.cpp.objcpp; name = include_juce_audio_formats.mm; path = ../../JuceLibraryCode/include_juce_audio_formats.mm; sourceTree = SOURCE_ROOT; };
		E70AA7290274DA8DCECC9349 /* Foundation.framework */ /* Foundation.framework */ = {isa = PBXFileReference; lastKnownFileType = wrapper.framework; name = Foundation.framework; path = System/Library/Frameworks/Foundation.framework; sourceTree = SDKROOT; };
		E8918361DBE432C7C788EFF7 /* include_juce_audio_plugin_client_VST3.cpp */ /* include_juce_audio_plugin_client_VST3.cpp */ = {isa = PBXFileReference; lastKnownFileType = sourcecode.cpp.cpp; name = include_juce_audio_plugin_client_VST3.cpp; path = ../../JuceLibraryCode/include_juce_audio_plugin_client_VST3.cpp; sourceTree = SOURCE_ROOT; };
		EB569FB9235F1DCDD92BC820 /* juce_data_structures */ /* juce_data_structures */ = {isa = PBXFileReference; lastKnownFileType = folder; name = juce_data_structures; path = ../../../JUCE_7/JUCE/modules/juce_data_structures; sourceTree = SOURCE_ROOT; };
		EDA28277296A7E2923A3CC19 /* TrackHeader.h */ /* TrackHeader.h */ = {isa = PBXFileReference; lastKnownFileType = sourcecode.c.h; name = TrackHeader.h; path = ../../Source/TrackHeader.h; sourceTree = SOURCE_ROOT; };
		EE0C93B6B3A3054DE3FDF2B6 /* Looper.cpp */ /* Looper.cpp */ = {isa = PBXFileReference; lastKnownFileType = sourcecode.cpp.cpp; name = Looper.cpp; path = ../../Source/Looper.cpp; sourceTree = SOURCE_ROOT; };
		F2D1C0A8CE71B2949736D1C7 /* VerticalLayoutViewport.h */ /* VerticalLayoutViewport.h */ = {isa = PBXFileReference; lastKnownFileType = sourcecode.c.h; name = VerticalLayoutViewport.h; path = ../../Source/VerticalLayoutViewport.h; sourceTree = SOURCE_ROOT; };
		F30D70CBD24E8A6AE57C4ECF /* juce_audio_devices */ /* juce_audio_devices */ = {isa = PBXFileReference; lastKnownFileType = folder; name = juce_audio_devices; path = ../../../JUCE_7/JUCE/modules/juce_audio_devices; sourceTree = SOURCE_ROOT; };
		F5C063EF37D291954D9FF09D /* PluginARADocumentController.cpp */ /* PluginARADocumentController.cpp */ = {isa = PBXFileReference; lastKnownFileType = sourcecode.cpp.cpp; name = PluginARADocumentController.cpp; path = ../../Source/PluginARADocumentController.cpp; sourceTree = SOURCE_ROOT; };
		F7BD05BE15EACB774D185F7C /* OverlayComponent.h */ /* OverlayComponent.h */ = {isa = PBXFileReference; lastKnownFileType = sourcecode.c.h; name = OverlayComponent.h; path = ../../Source/OverlayComponent.h; sourceTree = SOURCE_ROOT; };
		F86CF7E12C2CB5509A15DB36 /* PluginARADocumentController.h */ /* PluginARADocumentController.h */ = {isa = PBXFileReference; lastKnownFileType = sourcecode.c.h; name = PluginARADocumentController.h; path = ../../Source/PluginARADocumentController.h; sourceTree = SOURCE_ROOT; };
		F9666E0E4F50A41BE81AFE06 /* juce_graphics */ /* juce_graphics */ = {isa = PBXFileReference; lastKnownFileType = folder; name = juce_graphics; path = ../../../JUCE_7/JUCE/modules/juce_graphics; sourceTree = SOURCE_ROOT; };
		F9EC337AE1D84B7A514D5B9D /* include_juce_data_structures.mm */ /* include_juce_data_structures.mm */ = {isa = PBXFileReference; lastKnownFileType = sourcecode.cpp.objcpp; name = include_juce_data_structures.mm; path = ../../JuceLibraryCode/include_juce_data_structures.mm; sourceTree = SOURCE_ROOT; };
		FB7A6B6AF522E37C2C9B4C4A /* AU */ = {isa = PBXFileReference; explicitFileType = wrapper.cfbundle; includeInIndex = 0; path = ArtieARA.component; sourceTree = BUILT_PRODUCTS_DIR; };
		FC221943444FB6581D555DFA /* RegionSequenceView.h */ /* RegionSequenceView.h */ = {isa = PBXFileReference; lastKnownFileType = sourcecode.c.h; name = RegionSequenceView.h; path = ../../Source/RegionSequenceView.h; sourceTree = SOURCE_ROOT; };
		FC50C82C5977CE9591415427 /* JuceHeader.h */ /* JuceHeader.h */ = {isa = PBXFileReference; lastKnownFileType = sourcecode.c.h; name = JuceHeader.h; path = ../../JuceLibraryCode/JuceHeader.h; sourceTree = SOURCE_ROOT; };
/* End PBXFileReference section */

/* Begin PBXFrameworksBuildPhase section */
		94E2A6F2D63998517819EB31 = {
			isa = PBXFrameworksBuildPhase;
			buildActionMask = 2147483647;
			files = (
				8AD22FB33AE2AEB2E038A9E2,
				4BA632580B24BEF853A67973,
				95E33E49A801CE269D2F9B7B,
				00EA09F4BEBBC417E469CA87,
				240D2AA03EEFE92E0F0D1521,
				D4C28C2B0EE2B1A78AB87A02,
				A4EF08DF9FE34E8016A96BED,
				865236078E6DA7D3F462131E,
				E145ED2F07C1CDAF3575AAD3,
				3E65DB7700774C3DB199FA8E,
				330494F00E3EA52C7E510A24,
			);
			runOnlyForDeploymentPostprocessing = 0;
		};
		A95B9CCBDD15C2DA02C0141E = {
			isa = PBXFrameworksBuildPhase;
			buildActionMask = 2147483647;
			files = (
				8AD22FB33AE2AEB2E038A9E2,
				4BA632580B24BEF853A67973,
				95E33E49A801CE269D2F9B7B,
				00EA09F4BEBBC417E469CA87,
				240D2AA03EEFE92E0F0D1521,
				D4C28C2B0EE2B1A78AB87A02,
				A4EF08DF9FE34E8016A96BED,
				865236078E6DA7D3F462131E,
				E145ED2F07C1CDAF3575AAD3,
				3E65DB7700774C3DB199FA8E,
				330494F00E3EA52C7E510A24,
			);
			runOnlyForDeploymentPostprocessing = 0;
		};
		BF26D9D2E63E0E38B610F916 = {
			isa = PBXFrameworksBuildPhase;
			buildActionMask = 2147483647;
			files = (
				4E8B65DB9F0FFEBA732DB1B9,
				8AD22FB33AE2AEB2E038A9E2,
				4BA632580B24BEF853A67973,
				95E33E49A801CE269D2F9B7B,
				00EA09F4BEBBC417E469CA87,
				240D2AA03EEFE92E0F0D1521,
				D4C28C2B0EE2B1A78AB87A02,
				A4EF08DF9FE34E8016A96BED,
				865236078E6DA7D3F462131E,
				E145ED2F07C1CDAF3575AAD3,
				3E65DB7700774C3DB199FA8E,
				330494F00E3EA52C7E510A24,
			);
			runOnlyForDeploymentPostprocessing = 0;
		};
/* End PBXFrameworksBuildPhase section */

/* Begin PBXGroup section */
		1541938D36D4730A8C6F0924 /* Frameworks */ = {
			isa = PBXGroup;
			children = (
				C91E96297497D678AE193720,
				91A257B68F7AEF87BB2EB4D5,
				C65AAC0865F599539E56D1A4,
				AC55DD71FDA7E677AE93E440,
				A2B36C988D8C73040E31B92C,
				44FB1B3EAB3FFFFEAFE56327,
				93516E24D55018C814E030BF,
				6F01B35A95A5BE7E48A7D0C0,
				E70AA7290274DA8DCECC9349,
				35DDBD48F25091DE73179F46,
				4F1732E6E9DC65EF17B2BD71,
				63C5929E54AFA316FEB32B50,
			);
			name = Frameworks;
			sourceTree = "<group>";
		};
		3265A0AC5CFAC7EF06545BB3 /* ARA_Views */ = {
			isa = PBXGroup;
			children = (
				640364C7D81B970A14FE2D8B,
				DB84D5C1E1B2BAEBC3F48D81,
				B299DE4D77A7DADD1E821D47,
				FC221943444FB6581D555DFA,
				C892ACC230F4F8C9FC57F442,
				1B1ED37DB172E3464A70C313,
			);
			name = ARA_Views;
			sourceTree = "<group>";
		};
		34D3C1283491CAF6240A753D /* Looping */ = {
			isa = PBXGroup;
			children = (
				EE0C93B6B3A3054DE3FDF2B6,
				C4F4C2AB99019C45EC8C5364,
				180852C12A6335A0BA6154B2,
				2B51E473CE50E20F447A42C6,
				D6C42991684702418DDE67A8,
			);
			name = Looping;
			sourceTree = "<group>";
		};
		44D9519D0D38CBE19EFC5B23 /* Products */ = {
			isa = PBXGroup;
			children = (
				55108D6217952E6FD8CFA976,
				FB7A6B6AF522E37C2C9B4C4A,
				C4567FC8013CAF68D72C0B03,
				DD39FFEF15F28E7DB9792940,
			);
			name = Products;
			sourceTree = "<group>";
		};
		4A4199AC769A68041DD019AD /* Resources */ = {
			isa = PBXGroup;
			children = (
				0504FAD897D1E3FC0E7C26DB,
				35716398967F99437A8AD270,
				0EEA4F501136A31C0E8A909E,
				3BBF293A8E9273BF1BE5FD0F,
			);
			name = Resources;
			sourceTree = "<group>";
		};
		8CE7CD6E5DDD763DFC4CCA2A /* JUCE Library Code */ = {
			isa = PBXGroup;
			children = (
				DC34775F00A62519D5F14F8C,
				313A1050AD92E82F65DF6867,
				E2E98C7F20FC893FF8D317C0,
				1D3211B832BDEA9E592E7466,
				C81FB9F76DB59FA17B8709BA,
				6EB2C3A89360CB63FBCE809A,
				6EF115B9B969B970929DC085,
				15B21DFD057E57F80311C536,
				75D608A4CE926BB4F1F34E72,
				23312616F42F3E9F0B4B0B2A,
				E8918361DBE432C7C788EFF7,
				951394E3248EBCE64FD8C0FE,
				C901FB952F59C61D5E64755B,
				03105CDA3433C083B6F193BD,
				26FCFCA8E241492F993BA7B9,
				6EA641D591260132D7EAE002,
				F9EC337AE1D84B7A514D5B9D,
				393409B6E43BD4B5A501F37F,
				3391DA7676E328B134D8828A,
				A7A3032BD9716F55DB0B6871,
				05E63CC836D37549ADF11B96,
				FC50C82C5977CE9591415427,
				5CE997BF38F8D001FFF96205,
			);
			name = "JUCE Library Code";
			sourceTree = "<group>";
		};
		8E77E7CD8ACE00CEDC27C8FD /* Components */ = {
			isa = PBXGroup;
			children = (
				2F72ECE2E4C6EB771C44ACC2,
				F7BD05BE15EACB774D185F7C,
				87A385E800124FF4437F4EC2,
				EDA28277296A7E2923A3CC19,
				F2D1C0A8CE71B2949736D1C7,
				1EA275EF7ABE0A5AFB9D5A81,
				0D2598AB2B8A0F7AA1484B0C,
			);
			name = Components;
			sourceTree = "<group>";
		};
		918A5CE2641311511C6B4FAE /* ArtieARA */ = {
			isa = PBXGroup;
			children = (
				DF93EA0C177AC7470274FD2E,
			);
			name = ArtieARA;
			sourceTree = "<group>";
		};
		9628CFE3EC67AD8744520E53 /* Source */ = {
			isa = PBXGroup;
			children = (
				918A5CE2641311511C6B4FAE,
				AF4BF327C9ABF9F50C31B531,
				8CE7CD6E5DDD763DFC4CCA2A,
				4A4199AC769A68041DD019AD,
				1541938D36D4730A8C6F0924,
				44D9519D0D38CBE19EFC5B23,
			);
			name = Source;
			sourceTree = "<group>";
		};
		98CC637E6A3B5A31DB10C2CB /* ARA */ = {
			isa = PBXGroup;
			children = (
				F5C063EF37D291954D9FF09D,
				F86CF7E12C2CB5509A15DB36,
				B30B6A5FAA50258B3DFB9929,
				D9A718091BA294EC5ABD87A7,
				A26B1989616951EE59A67619,
				925102F8E2184AED8B62EB28,
			);
			name = ARA;
			sourceTree = "<group>";
		};
		AF4BF327C9ABF9F50C31B531 /* JUCE Modules */ = {
			isa = PBXGroup;
			children = (
				5C7EA7951D443B3154DA0CAB,
				F30D70CBD24E8A6AE57C4ECF,
				2F44E1ABD8B7440C8E856F43,
				4BD9F2B533DC9E07F4332BC2,
				60AEB14AD9D215979211D682,
				9A071340C623139DD0E1B67B,
				073384A5D4B98B099796F23E,
				EB569FB9235F1DCDD92BC820,
				0C5B92202D32494133C91EE9,
				F9666E0E4F50A41BE81AFE06,
				D742848699562A1460271AAC,
				BB48CFC86E0DFF42F26B17EC,
			);
			name = "JUCE Modules";
			sourceTree = "<group>";
		};
		DF93EA0C177AC7470274FD2E /* Source */ = {
			isa = PBXGroup;
			children = (
				34D3C1283491CAF6240A753D,
				8E77E7CD8ACE00CEDC27C8FD,
				3265A0AC5CFAC7EF06545BB3,
				98CC637E6A3B5A31DB10C2CB,
				6F3F47C7BD0DDFEDEB4D893C,
				8258FD4AF4314DCC9CC5499F,
				0D4F56D4BCD1E60F32CF996E,
				66504DA8AD3E8942864D7686,
				898A38630E17F385B93111A5,
			);
			name = Source;
			sourceTree = "<group>";
		};
/* End PBXGroup section */

/* Begin PBXNativeTarget section */
		2640E653B49EAD38D7BFF87C /* ArtieARA - Shared Code */ = {
			isa = PBXNativeTarget;
			buildConfigurationList = 849AF9A2EBB55A9356771C7A;
			buildPhases = (
				0587C4CC2E047B05A501EEC1,
			);
			buildRules = (
			);
			dependencies = (
			);
			name = "ArtieARA - Shared Code";
			productName = ArtieARA;
			productReference = DD39FFEF15F28E7DB9792940;
			productType = "com.apple.product-type.library.static";
		};
		2945E88DD2A7E0ACB53F5BCB /* ArtieARA - Standalone Plugin */ = {
			isa = PBXNativeTarget;
			buildConfigurationList = 64D0A9A90AA6BEC76F2F936F;
			buildPhases = (
				4B76E490AC1EEE9B872FDA56,
				4C4B89E4949A3A83D2E1FE3A,
				94E2A6F2D63998517819EB31,
			);
			buildRules = (
			);
			dependencies = (
				D86FFBCFE913A61A36F83BA0,
			);
			name = "ArtieARA - Standalone Plugin";
			productName = ArtieARA;
			productReference = C4567FC8013CAF68D72C0B03;
			productType = "com.apple.product-type.application";
		};
		E5AD84B3017EF5A6F44C9CE3 /* ArtieARA - AU */ = {
			isa = PBXNativeTarget;
			buildConfigurationList = 55CADD54C2480D895D26690D;
			buildPhases = (
				07A4D77BD4D08A21984B21C6,
				83EF7D2F82AA3389C079AD1F,
				F9DCFC30337F261FB4D85388,
				BF26D9D2E63E0E38B610F916,
			);
			buildRules = (
			);
			dependencies = (
				73E1A77C53AF55A20986A5AE,
			);
			name = "ArtieARA - AU";
			productName = ArtieARA;
			productReference = FB7A6B6AF522E37C2C9B4C4A;
			productType = "com.apple.product-type.bundle";
		};
		F6D3E0C2FAE87926B8A8EDE3 /* ArtieARA - VST3 */ = {
			isa = PBXNativeTarget;
			buildConfigurationList = 50EB1604289689588CEFE909;
			buildPhases = (
				B66A613A67BC86721A75D8B3,
				E588096285F66C5B0E759410,
				A95B9CCBDD15C2DA02C0141E,
			);
			buildRules = (
			);
			dependencies = (
				D8BD7DE720D7E717DFAED997,
			);
			name = "ArtieARA - VST3";
			productName = ArtieARA;
			productReference = 55108D6217952E6FD8CFA976;
			productType = "com.apple.product-type.bundle";
		};
/* End PBXNativeTarget section */

/* Begin PBXProject section */
		CD29FA0BADB543FC597BF6F7 = {
			isa = PBXProject;
			attributes = {
				LastUpgradeCheck = 1340;
				ORGANIZATIONNAME = "";
				TargetAttributes = {
					2640E653B49EAD38D7BFF87C = {
						SystemCapabilities = {
							com.apple.ApplicationGroups.iOS = {
								enabled = 0;
							};
							com.apple.HardenedRuntime = {
								enabled = 0;
							};
							com.apple.InAppPurchase = {
								enabled = 0;
							};
							com.apple.InterAppAudio = {
								enabled = 0;
							};
							com.apple.Push = {
								enabled = 0;
							};
							com.apple.Sandbox = {
								enabled = 0;
							};
						};
					};
					2945E88DD2A7E0ACB53F5BCB = {
						SystemCapabilities = {
							com.apple.ApplicationGroups.iOS = {
								enabled = 0;
							};
							com.apple.HardenedRuntime = {
								enabled = 0;
							};
							com.apple.InAppPurchase = {
								enabled = 0;
							};
							com.apple.InterAppAudio = {
								enabled = 0;
							};
							com.apple.Push = {
								enabled = 0;
							};
							com.apple.Sandbox = {
								enabled = 0;
							};
						};
					};
					E5AD84B3017EF5A6F44C9CE3 = {
						SystemCapabilities = {
							com.apple.ApplicationGroups.iOS = {
								enabled = 0;
							};
							com.apple.HardenedRuntime = {
								enabled = 0;
							};
							com.apple.InAppPurchase = {
								enabled = 0;
							};
							com.apple.InterAppAudio = {
								enabled = 0;
							};
							com.apple.Push = {
								enabled = 0;
							};
							com.apple.Sandbox = {
								enabled = 0;
							};
						};
					};
					F6D3E0C2FAE87926B8A8EDE3 = {
						SystemCapabilities = {
							com.apple.ApplicationGroups.iOS = {
								enabled = 0;
							};
							com.apple.HardenedRuntime = {
								enabled = 0;
							};
							com.apple.InAppPurchase = {
								enabled = 0;
							};
							com.apple.InterAppAudio = {
								enabled = 0;
							};
							com.apple.Push = {
								enabled = 0;
							};
							com.apple.Sandbox = {
								enabled = 0;
							};
						};
					};
					FF2144D7764CE0BEA9EC7E6C = {
						SystemCapabilities = {
							com.apple.ApplicationGroups.iOS = {
								enabled = 0;
							};
							com.apple.HardenedRuntime = {
								enabled = 0;
							};
							com.apple.InAppPurchase = {
								enabled = 0;
							};
							com.apple.InterAppAudio = {
								enabled = 0;
							};
							com.apple.Push = {
								enabled = 0;
							};
							com.apple.Sandbox = {
								enabled = 0;
							};
						};
					};
				};
			};
			buildConfigurationList = 238F3C1ECFA70C8C01DE4B01;
			compatibilityVersion = "Xcode 3.2";
			hasScannedForEncodings = 0;
			knownRegions = (
				en,
				Base,
			);
			mainGroup = 9628CFE3EC67AD8744520E53;
			projectDirPath = "";
			projectRoot = "";
			targets = (
				FF2144D7764CE0BEA9EC7E6C,
				F6D3E0C2FAE87926B8A8EDE3,
				E5AD84B3017EF5A6F44C9CE3,
				2945E88DD2A7E0ACB53F5BCB,
				2640E653B49EAD38D7BFF87C,
			);
		};
/* End PBXProject section */

/* Begin PBXResourcesBuildPhase section */
		07A4D77BD4D08A21984B21C6 = {
			isa = PBXResourcesBuildPhase;
			buildActionMask = 2147483647;
			files = (
				7976FFEBB4036F361EE5FC8E,
			);
			runOnlyForDeploymentPostprocessing = 0;
		};
		4B76E490AC1EEE9B872FDA56 = {
			isa = PBXResourcesBuildPhase;
			buildActionMask = 2147483647;
			files = (
				7976FFEBB4036F361EE5FC8E,
			);
			runOnlyForDeploymentPostprocessing = 0;
		};
		B66A613A67BC86721A75D8B3 = {
			isa = PBXResourcesBuildPhase;
			buildActionMask = 2147483647;
			files = (
				7976FFEBB4036F361EE5FC8E,
			);
			runOnlyForDeploymentPostprocessing = 0;
		};
/* End PBXResourcesBuildPhase section */

/* Begin PBXRezBuildPhase section */
		83EF7D2F82AA3389C079AD1F = {
			isa = PBXRezBuildPhase;
			buildActionMask = 2147483647;
			files = (
				BFB51A177652788841F249E6,
			);
			runOnlyForDeploymentPostprocessing = 0;
		};
/* End PBXRezBuildPhase section */

/* Begin PBXSourcesBuildPhase section */
		0587C4CC2E047B05A501EEC1 = {
			isa = PBXSourcesBuildPhase;
			buildActionMask = 2147483647;
			files = (
				C6FF0BB97B1C582E9F075451,
				8722533F7EFA08AC82EF2060,
				97599DAE59B8C50B961085A1,
				6E8A50FE10DDDEACF4F51D6F,
				44F1FAEB272137876CE731EB,
				71466A7823435417126B77E4,
				A550572F8D5AA7CFFFD7DAB6,
				436AF7D23F7104479C4FA59C,
				505A2C936B7F8332C1E77754,
				2B22ABEF49214B61DE897B2C,
				7FE95B90662D2919E582D8DE,
				DC4872C003091B6316431332,
				CD62F2BBF23109A19BC63CCB,
				96F6C1833C024AD50D47FE01,
				5652798FE1E8E1A0CDE019A5,
				525147B6B3D95A843F0C0D1D,
				A3C1BD5EB2DAEA34ABDF079B,
				B4E2938DCFCDDF1741851B86,
				E194A3DAC2973075CB898C0E,
				72A3ADB28F98BDB97E520FC1,
				4F8C3A8A6EC156808FB29CBE,
				67ED455D0F53109F05D127B0,
				B292D2F3B8ED1280DDC96FD4,
				1246202741D74BCA20129C06,
				D16F137C4F41CE3A93B89699,
				4D3BF54345A36B397FCCA14E,
				7FF113CCA1E50D942FB35CAF,
			);
			runOnlyForDeploymentPostprocessing = 0;
		};
		4C4B89E4949A3A83D2E1FE3A = {
			isa = PBXSourcesBuildPhase;
			buildActionMask = 2147483647;
			files = (
				F8D7EE83756D05D6D5A0F522,
			);
			runOnlyForDeploymentPostprocessing = 0;
		};
		E588096285F66C5B0E759410 = {
			isa = PBXSourcesBuildPhase;
			buildActionMask = 2147483647;
			files = (
				5FF2FFA64F1FB82D6578A936,
			);
			runOnlyForDeploymentPostprocessing = 0;
		};
		F9DCFC30337F261FB4D85388 = {
			isa = PBXSourcesBuildPhase;
			buildActionMask = 2147483647;
			files = (
				31EF506AF9C45F22F9502DA2,
				6BAD535B569BD5C95B92B785,
			);
			runOnlyForDeploymentPostprocessing = 0;
		};
/* End PBXSourcesBuildPhase section */

/* Begin PBXTargetDependency section */
		0139651E656FE4B779651D06 = {
			isa = PBXTargetDependency;
			target = 2945E88DD2A7E0ACB53F5BCB;
		};
		73E1A77C53AF55A20986A5AE = {
			isa = PBXTargetDependency;
			target = 2640E653B49EAD38D7BFF87C;
		};
		7E1CF738DD066CA0BAD901BD = {
			isa = PBXTargetDependency;
			target = E5AD84B3017EF5A6F44C9CE3;
		};
		D200D0F909E8E1C029CE4B14 = {
			isa = PBXTargetDependency;
			target = 2640E653B49EAD38D7BFF87C;
		};
		D44610F4BFC05580F8B86004 = {
			isa = PBXTargetDependency;
			target = F6D3E0C2FAE87926B8A8EDE3;
		};
		D86FFBCFE913A61A36F83BA0 = {
			isa = PBXTargetDependency;
			target = 2640E653B49EAD38D7BFF87C;
		};
		D8BD7DE720D7E717DFAED997 = {
			isa = PBXTargetDependency;
			target = 2640E653B49EAD38D7BFF87C;
		};
/* End PBXTargetDependency section */

/* Begin XCBuildConfiguration section */
		0011C41DF5CC877F28CFABB8 /* Debug */ = {
			isa = XCBuildConfiguration;
			buildSettings = {
				MACOSX_DEPLOYMENT_TARGET = 10.11;
				SDKROOT = macosx;
			};
			name = Debug;
		};
		01E99C5F147AE256F1F98B4E /* Release */ = {
			isa = XCBuildConfiguration;
			buildSettings = {
				ALWAYS_SEARCH_USER_PATHS = NO;
				CLANG_ENABLE_OBJC_WEAK = YES;
				CLANG_WARN_BLOCK_CAPTURE_AUTORELEASING = YES;
				CLANG_WARN_BOOL_CONVERSION = YES;
				CLANG_WARN_COMMA = YES;
				CLANG_WARN_CONSTANT_CONVERSION = YES;
				CLANG_WARN_DEPRECATED_OBJC_IMPLEMENTATIONS = YES;
				CLANG_WARN_EMPTY_BODY = YES;
				CLANG_WARN_ENUM_CONVERSION = YES;
				CLANG_WARN_INFINITE_RECURSION = YES;
				CLANG_WARN_INT_CONVERSION = YES;
				CLANG_WARN_NON_LITERAL_NULL_CONVERSION = YES;
				CLANG_WARN_OBJC_IMPLICIT_RETAIN_SELF = YES;
				CLANG_WARN_OBJC_LITERAL_CONVERSION = YES;
				CLANG_WARN_RANGE_LOOP_ANALYSIS = YES;
				CLANG_WARN_STRICT_PROTOTYPES = YES;
				CLANG_WARN_SUSPICIOUS_MOVE = YES;
				CLANG_WARN_UNREACHABLE_CODE = YES;
				CLANG_WARN__DUPLICATE_METHOD_MATCH = YES;
				CODE_SIGN_IDENTITY = "";
				DEBUG_INFORMATION_FORMAT = dwarf;
				ENABLE_STRICT_OBJC_MSGSEND = YES;
				ENABLE_TESTABILITY = NO;
				GCC_C_LANGUAGE_STANDARD = c11;
				GCC_INLINES_ARE_PRIVATE_EXTERN = YES;
				GCC_MODEL_TUNING = G5;
				GCC_NO_COMMON_BLOCKS = YES;
				GCC_SYMBOLS_PRIVATE_EXTERN = YES;
				GCC_WARN_64_TO_32_BIT_CONVERSION = YES;
				GCC_WARN_ABOUT_RETURN_TYPE = YES;
				GCC_WARN_CHECK_SWITCH_STATEMENTS = YES;
				GCC_WARN_MISSING_PARENTHESES = YES;
				GCC_WARN_NON_VIRTUAL_DESTRUCTOR = YES;
				GCC_WARN_TYPECHECK_CALLS_TO_PRINTF = YES;
				GCC_WARN_UNDECLARED_SELECTOR = YES;
				GCC_WARN_UNINITIALIZED_AUTOS = YES;
				GCC_WARN_UNUSED_FUNCTION = YES;
				GCC_WARN_UNUSED_VARIABLE = YES;
				PRODUCT_NAME = "ArtieARA";
				SDKROOT = macosx;
				WARNING_CFLAGS = "-Wreorder";
				ZERO_LINK = NO;
			};
			name = Release;
		};
		210BE8C4201EED3CFC36E0BF /* Debug */ = {
			isa = XCBuildConfiguration;
			buildSettings = {
				ALWAYS_SEARCH_USER_PATHS = NO;
				CLANG_ENABLE_OBJC_WEAK = YES;
				CLANG_WARN_BLOCK_CAPTURE_AUTORELEASING = YES;
				CLANG_WARN_BOOL_CONVERSION = YES;
				CLANG_WARN_COMMA = YES;
				CLANG_WARN_CONSTANT_CONVERSION = YES;
				CLANG_WARN_DEPRECATED_OBJC_IMPLEMENTATIONS = YES;
				CLANG_WARN_EMPTY_BODY = YES;
				CLANG_WARN_ENUM_CONVERSION = YES;
				CLANG_WARN_INFINITE_RECURSION = YES;
				CLANG_WARN_INT_CONVERSION = YES;
				CLANG_WARN_NON_LITERAL_NULL_CONVERSION = YES;
				CLANG_WARN_OBJC_IMPLICIT_RETAIN_SELF = YES;
				CLANG_WARN_OBJC_LITERAL_CONVERSION = YES;
				CLANG_WARN_RANGE_LOOP_ANALYSIS = YES;
				CLANG_WARN_STRICT_PROTOTYPES = YES;
				CLANG_WARN_SUSPICIOUS_MOVE = YES;
				CLANG_WARN_UNREACHABLE_CODE = YES;
				CLANG_WARN__DUPLICATE_METHOD_MATCH = YES;
				CODE_SIGN_IDENTITY = "";
				DEBUG_INFORMATION_FORMAT = dwarf;
				ENABLE_STRICT_OBJC_MSGSEND = YES;
				ENABLE_TESTABILITY = NO;
				GCC_C_LANGUAGE_STANDARD = c11;
				GCC_INLINES_ARE_PRIVATE_EXTERN = YES;
				GCC_MODEL_TUNING = G5;
				GCC_NO_COMMON_BLOCKS = YES;
				GCC_SYMBOLS_PRIVATE_EXTERN = YES;
				GCC_WARN_64_TO_32_BIT_CONVERSION = YES;
				GCC_WARN_ABOUT_RETURN_TYPE = YES;
				GCC_WARN_CHECK_SWITCH_STATEMENTS = YES;
				GCC_WARN_MISSING_PARENTHESES = YES;
				GCC_WARN_NON_VIRTUAL_DESTRUCTOR = YES;
				GCC_WARN_TYPECHECK_CALLS_TO_PRINTF = YES;
				GCC_WARN_UNDECLARED_SELECTOR = YES;
				GCC_WARN_UNINITIALIZED_AUTOS = YES;
				GCC_WARN_UNUSED_FUNCTION = YES;
				GCC_WARN_UNUSED_VARIABLE = YES;
				ONLY_ACTIVE_ARCH = YES;
				PRODUCT_NAME = "ArtieARA";
				SDKROOT = macosx;
				WARNING_CFLAGS = "-Wreorder";
				ZERO_LINK = NO;
			};
			name = Debug;
		};
		38E7FEBF2CF035E25A60274D /* Debug */ = {
			isa = XCBuildConfiguration;
			buildSettings = {
				CLANG_CXX_LANGUAGE_STANDARD = "c++14";
				CLANG_CXX_LIBRARY = "libc++";
				CLANG_LINK_OBJC_RUNTIME = NO;
				CODE_SIGN_IDENTITY = "";
				COMBINE_HIDPI_IMAGES = YES;
				CONFIGURATION_BUILD_DIR = "$(PROJECT_DIR)/build/$(CONFIGURATION)";
				COPY_PHASE_STRIP = NO;
				DEPLOYMENT_LOCATION = YES;
				DSTROOT = /;
				EXCLUDED_ARCHS = "";
				GCC_DYNAMIC_NO_PIC = NO;
				GCC_OPTIMIZATION_LEVEL = 0;
				GCC_PREPROCESSOR_DEFINITIONS = (
					"_DEBUG=1",
					"DEBUG=1",
					"JUCE_DISPLAY_SPLASH_SCREEN=0",
					"JUCE_USE_DARK_SPLASH_SCREEN=1",
					"JUCE_PROJUCER_VERSION=0x70002",
					"JUCE_MODULE_AVAILABLE_juce_audio_basics=1",
					"JUCE_MODULE_AVAILABLE_juce_audio_devices=1",
					"JUCE_MODULE_AVAILABLE_juce_audio_formats=1",
					"JUCE_MODULE_AVAILABLE_juce_audio_plugin_client=1",
					"JUCE_MODULE_AVAILABLE_juce_audio_processors=1",
					"JUCE_MODULE_AVAILABLE_juce_audio_utils=1",
					"JUCE_MODULE_AVAILABLE_juce_core=1",
					"JUCE_MODULE_AVAILABLE_juce_data_structures=1",
					"JUCE_MODULE_AVAILABLE_juce_events=1",
					"JUCE_MODULE_AVAILABLE_juce_graphics=1",
					"JUCE_MODULE_AVAILABLE_juce_gui_basics=1",
					"JUCE_MODULE_AVAILABLE_juce_gui_extra=1",
					"JUCE_GLOBAL_MODULE_SETTINGS_INCLUDED=1",
					"JUCE_VST3_CAN_REPLACE_VST2=0",
					"JUCE_STRICT_REFCOUNTEDPOINTER=1",
					"JucePlugin_Build_VST=0",
					"JucePlugin_Build_VST3=0",
					"JucePlugin_Build_AU=1",
					"JucePlugin_Build_AUv3=0",
					"JucePlugin_Build_AAX=0",
					"JucePlugin_Build_Standalone=0",
					"JucePlugin_Build_Unity=0",
					"JucePlugin_Build_LV2=0",
					"JucePlugin_Enable_IAA=0",
					"JucePlugin_Enable_ARA=1",
					"JucePlugin_Name=\\\"ArtieARA\\\"",
					"JucePlugin_Desc=\\\"ArtieARA\\\"",
					"JucePlugin_Manufacturer=\\\"yourcompany\\\"",
					"JucePlugin_ManufacturerWebsite=\\\"www.yourcompany.com\\\"",
					"JucePlugin_ManufacturerEmail=\\\"\\\"",
					"JucePlugin_ManufacturerCode=0x4d616e75",
					"JucePlugin_PluginCode=0x4b65386e",
					"JucePlugin_IsSynth=0",
					"JucePlugin_WantsMidiInput=0",
					"JucePlugin_ProducesMidiOutput=0",
					"JucePlugin_IsMidiEffect=0",
					"JucePlugin_EditorRequiresKeyboardFocus=0",
					"JucePlugin_Version=1.0.0",
					"JucePlugin_VersionCode=0x10000",
					"JucePlugin_VersionString=\\\"1.0.0\\\"",
					"JucePlugin_VSTUniqueID=JucePlugin_PluginCode",
					"JucePlugin_VSTCategory=kPlugCategEffect",
					"JucePlugin_Vst3Category=\\\"Fx\\\"",
					"JucePlugin_AUMainType=\\'aufx\\'",
					"JucePlugin_AUSubType=JucePlugin_PluginCode",
					"JucePlugin_AUExportPrefix=ArtieARAAU",
					"JucePlugin_AUExportPrefixQuoted=\\\"ArtieARAAU\\\"",
					"JucePlugin_AUManufacturerCode=JucePlugin_ManufacturerCode",
					"JucePlugin_CFBundleIdentifier=com.yourcompany.ArtieARA",
					"JucePlugin_AAXIdentifier=com.yourcompany.ArtieARA",
					"JucePlugin_AAXManufacturerCode=JucePlugin_ManufacturerCode",
					"JucePlugin_AAXProductId=JucePlugin_PluginCode",
					"JucePlugin_AAXCategory=0",
					"JucePlugin_AAXDisableBypass=0",
					"JucePlugin_AAXDisableMultiMono=0",
					"JucePlugin_IAAType=0x61757278",
					"JucePlugin_IAASubType=JucePlugin_PluginCode",
					"JucePlugin_IAAName=\\\"yourcompany:\\ ArtieARA\\\"",
					"JucePlugin_VSTNumMidiInputs=16",
					"JucePlugin_VSTNumMidiOutputs=16",
					"JucePlugin_ARAContentTypes=0",
					"JucePlugin_ARATransformationFlags=0",
					"JucePlugin_ARAFactoryID=\\\"com.yourcompany.ArtieARA.factory\\\"",
					"JucePlugin_ARADocumentArchiveID=\\\"com.yourcompany.ArtieARA.aradocumentarchive.1.0.0\\\"",
					"JucePlugin_ARACompatibleArchiveIDs=\\\"\\\"",
					"JUCE_STANDALONE_APPLICATION=JucePlugin_Build_Standalone",
					"JUCER_XCODE_MAC_F6D2F4CF=1",
					"JUCE_APP_VERSION=1.0.0",
					"JUCE_APP_VERSION_HEX=0x10000",
				);
				GCC_VERSION = com.apple.compilers.llvm.clang.1_0;
				GENERATE_PKGINFO_FILE = YES;
				HEADER_SEARCH_PATHS = (
					"$(SRCROOT)/../../../JUCE_7/JUCE/modules/juce_audio_processors/format_types/VST3_SDK",
					"$(SRCROOT)/../../JuceLibraryCode",
					"/Users/ryandevens/JUCE_PROJECTS/JUCE_7/ARA_SDK",
					"$(SRCROOT)/../../../JUCE_7/JUCE/modules",
					"$(SRCROOT)/../../../JUCE_7/JUCE/modules/juce_audio_plugin_client",
					"$(inherited)",
				);
				INFOPLIST_FILE = Info-AU.plist;
				INFOPLIST_PREPROCESS = NO;
				INSTALL_PATH = "$(HOME)/Library/Audio/Plug-Ins/Components/";
				LIBRARY_STYLE = Bundle;
				MACOSX_DEPLOYMENT_TARGET = 10.11;
				MTL_HEADER_SEARCH_PATHS = "$(SRCROOT)/../../../JUCE_7/JUCE/modules/juce_audio_processors/format_types/VST3_SDK $(SRCROOT)/../../JuceLibraryCode /Users/ryandevens/JUCE_PROJECTS/JUCE_7/ARA_SDK $(SRCROOT)/../../../JUCE_7/JUCE/modules $(SRCROOT)/../../../JUCE_7/JUCE/modules/juce_audio_plugin_client";
				OTHER_LDFLAGS = "-bundle -lArtieARA -weak_framework Metal -weak_framework MetalKit";
				OTHER_REZFLAGS = "-d ppc_$ppc -d i386_$i386 -d ppc64_$ppc64 -d x86_64_$x86_64 -d arm64_$arm64 -I /System/Library/Frameworks/CoreServices.framework/Frameworks/CarbonCore.framework/Versions/A/Headers -I \"$(DEVELOPER_DIR)/Extras/CoreAudio/AudioUnits/AUPublic/AUBase\" -I \"$(DEVELOPER_DIR)/Platforms/MacOSX.platform/Developer/SDKs/MacOSX.sdk/System/Library/Frameworks/AudioUnit.framework/Headers\"";
				PRODUCT_BUNDLE_IDENTIFIER = com.yourcompany.ArtieARA;
				PRODUCT_NAME = "ArtieARA";
				USE_HEADERMAP = NO;
				VALID_ARCHS = "i386 x86_64 arm64 arm64e";
				WRAPPER_EXTENSION = component;
			};
			name = Debug;
		};
		4AEE4E25DD5E8F7ACBC77840 /* Debug */ = {
			isa = XCBuildConfiguration;
			buildSettings = {
				CLANG_CXX_LANGUAGE_STANDARD = "c++14";
				CLANG_CXX_LIBRARY = "libc++";
				CLANG_LINK_OBJC_RUNTIME = NO;
				CODE_SIGN_IDENTITY = "";
				COMBINE_HIDPI_IMAGES = YES;
				CONFIGURATION_BUILD_DIR = "$(PROJECT_DIR)/build/$(CONFIGURATION)";
				COPY_PHASE_STRIP = NO;
				EXCLUDED_ARCHS = "";
				GCC_DYNAMIC_NO_PIC = NO;
				GCC_OPTIMIZATION_LEVEL = 0;
				GCC_PREPROCESSOR_DEFINITIONS = (
					"_DEBUG=1",
					"DEBUG=1",
					"JUCE_DISPLAY_SPLASH_SCREEN=0",
					"JUCE_USE_DARK_SPLASH_SCREEN=1",
					"JUCE_PROJUCER_VERSION=0x70002",
					"JUCE_MODULE_AVAILABLE_juce_audio_basics=1",
					"JUCE_MODULE_AVAILABLE_juce_audio_devices=1",
					"JUCE_MODULE_AVAILABLE_juce_audio_formats=1",
					"JUCE_MODULE_AVAILABLE_juce_audio_plugin_client=1",
					"JUCE_MODULE_AVAILABLE_juce_audio_processors=1",
					"JUCE_MODULE_AVAILABLE_juce_audio_utils=1",
					"JUCE_MODULE_AVAILABLE_juce_core=1",
					"JUCE_MODULE_AVAILABLE_juce_data_structures=1",
					"JUCE_MODULE_AVAILABLE_juce_events=1",
					"JUCE_MODULE_AVAILABLE_juce_graphics=1",
					"JUCE_MODULE_AVAILABLE_juce_gui_basics=1",
					"JUCE_MODULE_AVAILABLE_juce_gui_extra=1",
					"JUCE_GLOBAL_MODULE_SETTINGS_INCLUDED=1",
					"JUCE_VST3_CAN_REPLACE_VST2=0",
					"JUCE_STRICT_REFCOUNTEDPOINTER=1",
					"JucePlugin_Build_VST=0",
					"JucePlugin_Build_VST3=0",
					"JucePlugin_Build_AU=0",
					"JucePlugin_Build_AUv3=0",
					"JucePlugin_Build_AAX=0",
					"JucePlugin_Build_Standalone=1",
					"JucePlugin_Build_Unity=0",
					"JucePlugin_Build_LV2=0",
					"JucePlugin_Enable_IAA=0",
					"JucePlugin_Enable_ARA=1",
					"JucePlugin_Name=\\\"ArtieARA\\\"",
					"JucePlugin_Desc=\\\"ArtieARA\\\"",
					"JucePlugin_Manufacturer=\\\"yourcompany\\\"",
					"JucePlugin_ManufacturerWebsite=\\\"www.yourcompany.com\\\"",
					"JucePlugin_ManufacturerEmail=\\\"\\\"",
					"JucePlugin_ManufacturerCode=0x4d616e75",
					"JucePlugin_PluginCode=0x4b65386e",
					"JucePlugin_IsSynth=0",
					"JucePlugin_WantsMidiInput=0",
					"JucePlugin_ProducesMidiOutput=0",
					"JucePlugin_IsMidiEffect=0",
					"JucePlugin_EditorRequiresKeyboardFocus=0",
					"JucePlugin_Version=1.0.0",
					"JucePlugin_VersionCode=0x10000",
					"JucePlugin_VersionString=\\\"1.0.0\\\"",
					"JucePlugin_VSTUniqueID=JucePlugin_PluginCode",
					"JucePlugin_VSTCategory=kPlugCategEffect",
					"JucePlugin_Vst3Category=\\\"Fx\\\"",
					"JucePlugin_AUMainType=\\'aufx\\'",
					"JucePlugin_AUSubType=JucePlugin_PluginCode",
					"JucePlugin_AUExportPrefix=ArtieARAAU",
					"JucePlugin_AUExportPrefixQuoted=\\\"ArtieARAAU\\\"",
					"JucePlugin_AUManufacturerCode=JucePlugin_ManufacturerCode",
					"JucePlugin_CFBundleIdentifier=com.yourcompany.ArtieARA",
					"JucePlugin_AAXIdentifier=com.yourcompany.ArtieARA",
					"JucePlugin_AAXManufacturerCode=JucePlugin_ManufacturerCode",
					"JucePlugin_AAXProductId=JucePlugin_PluginCode",
					"JucePlugin_AAXCategory=0",
					"JucePlugin_AAXDisableBypass=0",
					"JucePlugin_AAXDisableMultiMono=0",
					"JucePlugin_IAAType=0x61757278",
					"JucePlugin_IAASubType=JucePlugin_PluginCode",
					"JucePlugin_IAAName=\\\"yourcompany:\\ ArtieARA\\\"",
					"JucePlugin_VSTNumMidiInputs=16",
					"JucePlugin_VSTNumMidiOutputs=16",
					"JucePlugin_ARAContentTypes=0",
					"JucePlugin_ARATransformationFlags=0",
					"JucePlugin_ARAFactoryID=\\\"com.yourcompany.ArtieARA.factory\\\"",
					"JucePlugin_ARADocumentArchiveID=\\\"com.yourcompany.ArtieARA.aradocumentarchive.1.0.0\\\"",
					"JucePlugin_ARACompatibleArchiveIDs=\\\"\\\"",
					"JUCE_STANDALONE_APPLICATION=JucePlugin_Build_Standalone",
					"JUCER_XCODE_MAC_F6D2F4CF=1",
					"JUCE_APP_VERSION=1.0.0",
					"JUCE_APP_VERSION_HEX=0x10000",
				);
				GCC_VERSION = com.apple.compilers.llvm.clang.1_0;
				HEADER_SEARCH_PATHS = (
					"$(SRCROOT)/../../../JUCE_7/JUCE/modules/juce_audio_processors/format_types/VST3_SDK",
					"$(SRCROOT)/../../JuceLibraryCode",
					"/Users/ryandevens/JUCE_PROJECTS/JUCE_7/ARA_SDK",
					"$(SRCROOT)/../../../JUCE_7/JUCE/modules",
					"$(SRCROOT)/../../../JUCE_7/JUCE/modules/juce_audio_plugin_client",
					"$(inherited)",
				);
				INFOPLIST_FILE = Info-Standalone_Plugin.plist;
				INFOPLIST_PREPROCESS = NO;
				MACOSX_DEPLOYMENT_TARGET = 10.11;
				MTL_HEADER_SEARCH_PATHS = "$(SRCROOT)/../../../JUCE_7/JUCE/modules/juce_audio_processors/format_types/VST3_SDK $(SRCROOT)/../../JuceLibraryCode /Users/ryandevens/JUCE_PROJECTS/JUCE_7/ARA_SDK $(SRCROOT)/../../../JUCE_7/JUCE/modules $(SRCROOT)/../../../JUCE_7/JUCE/modules/juce_audio_plugin_client";
				OTHER_LDFLAGS = "-lArtieARA -weak_framework Metal -weak_framework MetalKit";
				PRODUCT_BUNDLE_IDENTIFIER = com.yourcompany.ArtieARA;
				PRODUCT_NAME = "ArtieARA";
				USE_HEADERMAP = NO;
				VALID_ARCHS = "i386 x86_64 arm64 arm64e";
			};
			name = Debug;
		};
		53EFC636C12F2C6E5601EF96 /* Debug */ = {
			isa = XCBuildConfiguration;
			buildSettings = {
				CLANG_CXX_LANGUAGE_STANDARD = "c++14";
				CLANG_CXX_LIBRARY = "libc++";
				CLANG_LINK_OBJC_RUNTIME = NO;
				CODE_SIGN_IDENTITY = "";
				COMBINE_HIDPI_IMAGES = YES;
				CONFIGURATION_BUILD_DIR = "$(PROJECT_DIR)/build/$(CONFIGURATION)";
				COPY_PHASE_STRIP = NO;
				DEPLOYMENT_LOCATION = YES;
				DSTROOT = /;
				EXCLUDED_ARCHS = "";
				GCC_DYNAMIC_NO_PIC = NO;
				GCC_OPTIMIZATION_LEVEL = 0;
				GCC_PREPROCESSOR_DEFINITIONS = (
					"_DEBUG=1",
					"DEBUG=1",
					"JUCE_DISPLAY_SPLASH_SCREEN=0",
					"JUCE_USE_DARK_SPLASH_SCREEN=1",
					"JUCE_PROJUCER_VERSION=0x70002",
					"JUCE_MODULE_AVAILABLE_juce_audio_basics=1",
					"JUCE_MODULE_AVAILABLE_juce_audio_devices=1",
					"JUCE_MODULE_AVAILABLE_juce_audio_formats=1",
					"JUCE_MODULE_AVAILABLE_juce_audio_plugin_client=1",
					"JUCE_MODULE_AVAILABLE_juce_audio_processors=1",
					"JUCE_MODULE_AVAILABLE_juce_audio_utils=1",
					"JUCE_MODULE_AVAILABLE_juce_core=1",
					"JUCE_MODULE_AVAILABLE_juce_data_structures=1",
					"JUCE_MODULE_AVAILABLE_juce_events=1",
					"JUCE_MODULE_AVAILABLE_juce_graphics=1",
					"JUCE_MODULE_AVAILABLE_juce_gui_basics=1",
					"JUCE_MODULE_AVAILABLE_juce_gui_extra=1",
					"JUCE_GLOBAL_MODULE_SETTINGS_INCLUDED=1",
					"JUCE_VST3_CAN_REPLACE_VST2=0",
					"JUCE_STRICT_REFCOUNTEDPOINTER=1",
					"JucePlugin_Build_VST=0",
					"JucePlugin_Build_VST3=1",
					"JucePlugin_Build_AU=0",
					"JucePlugin_Build_AUv3=0",
					"JucePlugin_Build_AAX=0",
					"JucePlugin_Build_Standalone=0",
					"JucePlugin_Build_Unity=0",
					"JucePlugin_Build_LV2=0",
					"JucePlugin_Enable_IAA=0",
					"JucePlugin_Enable_ARA=1",
					"JucePlugin_Name=\\\"ArtieARA\\\"",
					"JucePlugin_Desc=\\\"ArtieARA\\\"",
					"JucePlugin_Manufacturer=\\\"yourcompany\\\"",
					"JucePlugin_ManufacturerWebsite=\\\"www.yourcompany.com\\\"",
					"JucePlugin_ManufacturerEmail=\\\"\\\"",
					"JucePlugin_ManufacturerCode=0x4d616e75",
					"JucePlugin_PluginCode=0x4b65386e",
					"JucePlugin_IsSynth=0",
					"JucePlugin_WantsMidiInput=0",
					"JucePlugin_ProducesMidiOutput=0",
					"JucePlugin_IsMidiEffect=0",
					"JucePlugin_EditorRequiresKeyboardFocus=0",
					"JucePlugin_Version=1.0.0",
					"JucePlugin_VersionCode=0x10000",
					"JucePlugin_VersionString=\\\"1.0.0\\\"",
					"JucePlugin_VSTUniqueID=JucePlugin_PluginCode",
					"JucePlugin_VSTCategory=kPlugCategEffect",
					"JucePlugin_Vst3Category=\\\"Fx\\\"",
					"JucePlugin_AUMainType=\\'aufx\\'",
					"JucePlugin_AUSubType=JucePlugin_PluginCode",
					"JucePlugin_AUExportPrefix=ArtieARAAU",
					"JucePlugin_AUExportPrefixQuoted=\\\"ArtieARAAU\\\"",
					"JucePlugin_AUManufacturerCode=JucePlugin_ManufacturerCode",
					"JucePlugin_CFBundleIdentifier=com.yourcompany.ArtieARA",
					"JucePlugin_AAXIdentifier=com.yourcompany.ArtieARA",
					"JucePlugin_AAXManufacturerCode=JucePlugin_ManufacturerCode",
					"JucePlugin_AAXProductId=JucePlugin_PluginCode",
					"JucePlugin_AAXCategory=0",
					"JucePlugin_AAXDisableBypass=0",
					"JucePlugin_AAXDisableMultiMono=0",
					"JucePlugin_IAAType=0x61757278",
					"JucePlugin_IAASubType=JucePlugin_PluginCode",
					"JucePlugin_IAAName=\\\"yourcompany:\\ ArtieARA\\\"",
					"JucePlugin_VSTNumMidiInputs=16",
					"JucePlugin_VSTNumMidiOutputs=16",
					"JucePlugin_ARAContentTypes=0",
					"JucePlugin_ARATransformationFlags=0",
					"JucePlugin_ARAFactoryID=\\\"com.yourcompany.ArtieARA.factory\\\"",
					"JucePlugin_ARADocumentArchiveID=\\\"com.yourcompany.ArtieARA.aradocumentarchive.1.0.0\\\"",
					"JucePlugin_ARACompatibleArchiveIDs=\\\"\\\"",
					"JUCE_STANDALONE_APPLICATION=JucePlugin_Build_Standalone",
					"JUCER_XCODE_MAC_F6D2F4CF=1",
					"JUCE_APP_VERSION=1.0.0",
					"JUCE_APP_VERSION_HEX=0x10000",
				);
				GCC_VERSION = com.apple.compilers.llvm.clang.1_0;
				GENERATE_PKGINFO_FILE = YES;
				HEADER_SEARCH_PATHS = (
					"$(SRCROOT)/../../../JUCE_7/JUCE/modules/juce_audio_processors/format_types/VST3_SDK",
					"$(SRCROOT)/../../JuceLibraryCode",
					"/Users/ryandevens/JUCE_PROJECTS/JUCE_7/ARA_SDK",
					"$(SRCROOT)/../../../JUCE_7/JUCE/modules",
					"$(SRCROOT)/../../../JUCE_7/JUCE/modules/juce_audio_plugin_client",
					"$(inherited)",
				);
				INFOPLIST_FILE = Info-VST3.plist;
				INFOPLIST_PREPROCESS = NO;
				INSTALL_PATH = "$(HOME)/Library/Audio/Plug-Ins/VST3/";
				LIBRARY_STYLE = Bundle;
				MACOSX_DEPLOYMENT_TARGET = 10.11;
				MTL_HEADER_SEARCH_PATHS = "$(SRCROOT)/../../../JUCE_7/JUCE/modules/juce_audio_processors/format_types/VST3_SDK $(SRCROOT)/../../JuceLibraryCode /Users/ryandevens/JUCE_PROJECTS/JUCE_7/ARA_SDK $(SRCROOT)/../../../JUCE_7/JUCE/modules $(SRCROOT)/../../../JUCE_7/JUCE/modules/juce_audio_plugin_client";
				OTHER_LDFLAGS = "-bundle -lArtieARA -weak_framework Metal -weak_framework MetalKit";
				PRODUCT_BUNDLE_IDENTIFIER = com.yourcompany.ArtieARA;
				PRODUCT_NAME = "ArtieARA";
				USE_HEADERMAP = NO;
				VALID_ARCHS = "i386 x86_64 arm64 arm64e";
				WRAPPER_EXTENSION = vst3;
			};
			name = Debug;
		};
		62E9190DC22A8358F2830BAE /* Release */ = {
			isa = XCBuildConfiguration;
			buildSettings = {
				CLANG_CXX_LANGUAGE_STANDARD = "c++14";
				CLANG_CXX_LIBRARY = "libc++";
				CLANG_LINK_OBJC_RUNTIME = NO;
				CODE_SIGN_IDENTITY = "";
				COMBINE_HIDPI_IMAGES = YES;
				CONFIGURATION_BUILD_DIR = "$(PROJECT_DIR)/build/$(CONFIGURATION)";
				DEAD_CODE_STRIPPING = YES;
				EXCLUDED_ARCHS = "";
				GCC_GENERATE_DEBUGGING_SYMBOLS = NO;
				GCC_OPTIMIZATION_LEVEL = 3;
				GCC_PREPROCESSOR_DEFINITIONS = (
					"_NDEBUG=1",
					"NDEBUG=1",
					"JUCE_DISPLAY_SPLASH_SCREEN=0",
					"JUCE_USE_DARK_SPLASH_SCREEN=1",
					"JUCE_PROJUCER_VERSION=0x70002",
					"JUCE_MODULE_AVAILABLE_juce_audio_basics=1",
					"JUCE_MODULE_AVAILABLE_juce_audio_devices=1",
					"JUCE_MODULE_AVAILABLE_juce_audio_formats=1",
					"JUCE_MODULE_AVAILABLE_juce_audio_plugin_client=1",
					"JUCE_MODULE_AVAILABLE_juce_audio_processors=1",
					"JUCE_MODULE_AVAILABLE_juce_audio_utils=1",
					"JUCE_MODULE_AVAILABLE_juce_core=1",
					"JUCE_MODULE_AVAILABLE_juce_data_structures=1",
					"JUCE_MODULE_AVAILABLE_juce_events=1",
					"JUCE_MODULE_AVAILABLE_juce_graphics=1",
					"JUCE_MODULE_AVAILABLE_juce_gui_basics=1",
					"JUCE_MODULE_AVAILABLE_juce_gui_extra=1",
					"JUCE_GLOBAL_MODULE_SETTINGS_INCLUDED=1",
					"JUCE_VST3_CAN_REPLACE_VST2=0",
					"JUCE_STRICT_REFCOUNTEDPOINTER=1",
					"JucePlugin_Build_VST=0",
					"JucePlugin_Build_VST3=0",
					"JucePlugin_Build_AU=0",
					"JucePlugin_Build_AUv3=0",
					"JucePlugin_Build_AAX=0",
					"JucePlugin_Build_Standalone=1",
					"JucePlugin_Build_Unity=0",
					"JucePlugin_Build_LV2=0",
					"JucePlugin_Enable_IAA=0",
					"JucePlugin_Enable_ARA=1",
					"JucePlugin_Name=\\\"ArtieARA\\\"",
					"JucePlugin_Desc=\\\"ArtieARA\\\"",
					"JucePlugin_Manufacturer=\\\"yourcompany\\\"",
					"JucePlugin_ManufacturerWebsite=\\\"www.yourcompany.com\\\"",
					"JucePlugin_ManufacturerEmail=\\\"\\\"",
					"JucePlugin_ManufacturerCode=0x4d616e75",
					"JucePlugin_PluginCode=0x4b65386e",
					"JucePlugin_IsSynth=0",
					"JucePlugin_WantsMidiInput=0",
					"JucePlugin_ProducesMidiOutput=0",
					"JucePlugin_IsMidiEffect=0",
					"JucePlugin_EditorRequiresKeyboardFocus=0",
					"JucePlugin_Version=1.0.0",
					"JucePlugin_VersionCode=0x10000",
					"JucePlugin_VersionString=\\\"1.0.0\\\"",
					"JucePlugin_VSTUniqueID=JucePlugin_PluginCode",
					"JucePlugin_VSTCategory=kPlugCategEffect",
					"JucePlugin_Vst3Category=\\\"Fx\\\"",
					"JucePlugin_AUMainType=\\'aufx\\'",
					"JucePlugin_AUSubType=JucePlugin_PluginCode",
					"JucePlugin_AUExportPrefix=ArtieARAAU",
					"JucePlugin_AUExportPrefixQuoted=\\\"ArtieARAAU\\\"",
					"JucePlugin_AUManufacturerCode=JucePlugin_ManufacturerCode",
					"JucePlugin_CFBundleIdentifier=com.yourcompany.ArtieARA",
					"JucePlugin_AAXIdentifier=com.yourcompany.ArtieARA",
					"JucePlugin_AAXManufacturerCode=JucePlugin_ManufacturerCode",
					"JucePlugin_AAXProductId=JucePlugin_PluginCode",
					"JucePlugin_AAXCategory=0",
					"JucePlugin_AAXDisableBypass=0",
					"JucePlugin_AAXDisableMultiMono=0",
					"JucePlugin_IAAType=0x61757278",
					"JucePlugin_IAASubType=JucePlugin_PluginCode",
					"JucePlugin_IAAName=\\\"yourcompany:\\ ArtieARA\\\"",
					"JucePlugin_VSTNumMidiInputs=16",
					"JucePlugin_VSTNumMidiOutputs=16",
					"JucePlugin_ARAContentTypes=0",
					"JucePlugin_ARATransformationFlags=0",
					"JucePlugin_ARAFactoryID=\\\"com.yourcompany.ArtieARA.factory\\\"",
					"JucePlugin_ARADocumentArchiveID=\\\"com.yourcompany.ArtieARA.aradocumentarchive.1.0.0\\\"",
					"JucePlugin_ARACompatibleArchiveIDs=\\\"\\\"",
					"JUCE_STANDALONE_APPLICATION=JucePlugin_Build_Standalone",
					"JUCER_XCODE_MAC_F6D2F4CF=1",
					"JUCE_APP_VERSION=1.0.0",
					"JUCE_APP_VERSION_HEX=0x10000",
				);
				GCC_VERSION = com.apple.compilers.llvm.clang.1_0;
				HEADER_SEARCH_PATHS = (
					"$(SRCROOT)/../../../JUCE_7/JUCE/modules/juce_audio_processors/format_types/VST3_SDK",
					"$(SRCROOT)/../../JuceLibraryCode",
					"/Users/ryandevens/JUCE_PROJECTS/JUCE_7/ARA_SDK",
					"$(SRCROOT)/../../../JUCE_7/JUCE/modules",
					"$(SRCROOT)/../../../JUCE_7/JUCE/modules/juce_audio_plugin_client",
					"$(inherited)",
				);
				INFOPLIST_FILE = Info-Standalone_Plugin.plist;
				INFOPLIST_PREPROCESS = NO;
				LLVM_LTO = YES;
				MACOSX_DEPLOYMENT_TARGET = 10.11;
				MTL_HEADER_SEARCH_PATHS = "$(SRCROOT)/../../../JUCE_7/JUCE/modules/juce_audio_processors/format_types/VST3_SDK $(SRCROOT)/../../JuceLibraryCode /Users/ryandevens/JUCE_PROJECTS/JUCE_7/ARA_SDK $(SRCROOT)/../../../JUCE_7/JUCE/modules $(SRCROOT)/../../../JUCE_7/JUCE/modules/juce_audio_plugin_client";
				OTHER_LDFLAGS = "-lArtieARA -weak_framework Metal -weak_framework MetalKit";
				PRODUCT_BUNDLE_IDENTIFIER = com.yourcompany.ArtieARA;
				PRODUCT_NAME = "ArtieARA";
				USE_HEADERMAP = NO;
				VALID_ARCHS = "i386 x86_64 arm64 arm64e";
			};
			name = Release;
		};
		8434304BFA4DFA99BF81B574 /* Release */ = {
			isa = XCBuildConfiguration;
			buildSettings = {
				CLANG_CXX_LANGUAGE_STANDARD = "c++14";
				CLANG_CXX_LIBRARY = "libc++";
				CLANG_LINK_OBJC_RUNTIME = NO;
				CODE_SIGN_IDENTITY = "";
				COMBINE_HIDPI_IMAGES = YES;
				CONFIGURATION_BUILD_DIR = "$(PROJECT_DIR)/build/$(CONFIGURATION)";
				DEAD_CODE_STRIPPING = YES;
				DEPLOYMENT_LOCATION = YES;
				DSTROOT = /;
				EXCLUDED_ARCHS = "";
				GCC_GENERATE_DEBUGGING_SYMBOLS = NO;
				GCC_OPTIMIZATION_LEVEL = 3;
				GCC_PREPROCESSOR_DEFINITIONS = (
					"_NDEBUG=1",
					"NDEBUG=1",
					"JUCE_DISPLAY_SPLASH_SCREEN=0",
					"JUCE_USE_DARK_SPLASH_SCREEN=1",
					"JUCE_PROJUCER_VERSION=0x70002",
					"JUCE_MODULE_AVAILABLE_juce_audio_basics=1",
					"JUCE_MODULE_AVAILABLE_juce_audio_devices=1",
					"JUCE_MODULE_AVAILABLE_juce_audio_formats=1",
					"JUCE_MODULE_AVAILABLE_juce_audio_plugin_client=1",
					"JUCE_MODULE_AVAILABLE_juce_audio_processors=1",
					"JUCE_MODULE_AVAILABLE_juce_audio_utils=1",
					"JUCE_MODULE_AVAILABLE_juce_core=1",
					"JUCE_MODULE_AVAILABLE_juce_data_structures=1",
					"JUCE_MODULE_AVAILABLE_juce_events=1",
					"JUCE_MODULE_AVAILABLE_juce_graphics=1",
					"JUCE_MODULE_AVAILABLE_juce_gui_basics=1",
					"JUCE_MODULE_AVAILABLE_juce_gui_extra=1",
					"JUCE_GLOBAL_MODULE_SETTINGS_INCLUDED=1",
					"JUCE_VST3_CAN_REPLACE_VST2=0",
					"JUCE_STRICT_REFCOUNTEDPOINTER=1",
					"JucePlugin_Build_VST=0",
					"JucePlugin_Build_VST3=1",
					"JucePlugin_Build_AU=0",
					"JucePlugin_Build_AUv3=0",
					"JucePlugin_Build_AAX=0",
					"JucePlugin_Build_Standalone=0",
					"JucePlugin_Build_Unity=0",
					"JucePlugin_Build_LV2=0",
					"JucePlugin_Enable_IAA=0",
					"JucePlugin_Enable_ARA=1",
					"JucePlugin_Name=\\\"ArtieARA\\\"",
					"JucePlugin_Desc=\\\"ArtieARA\\\"",
					"JucePlugin_Manufacturer=\\\"yourcompany\\\"",
					"JucePlugin_ManufacturerWebsite=\\\"www.yourcompany.com\\\"",
					"JucePlugin_ManufacturerEmail=\\\"\\\"",
					"JucePlugin_ManufacturerCode=0x4d616e75",
					"JucePlugin_PluginCode=0x4b65386e",
					"JucePlugin_IsSynth=0",
					"JucePlugin_WantsMidiInput=0",
					"JucePlugin_ProducesMidiOutput=0",
					"JucePlugin_IsMidiEffect=0",
					"JucePlugin_EditorRequiresKeyboardFocus=0",
					"JucePlugin_Version=1.0.0",
					"JucePlugin_VersionCode=0x10000",
					"JucePlugin_VersionString=\\\"1.0.0\\\"",
					"JucePlugin_VSTUniqueID=JucePlugin_PluginCode",
					"JucePlugin_VSTCategory=kPlugCategEffect",
					"JucePlugin_Vst3Category=\\\"Fx\\\"",
					"JucePlugin_AUMainType=\\'aufx\\'",
					"JucePlugin_AUSubType=JucePlugin_PluginCode",
					"JucePlugin_AUExportPrefix=ArtieARAAU",
					"JucePlugin_AUExportPrefixQuoted=\\\"ArtieARAAU\\\"",
					"JucePlugin_AUManufacturerCode=JucePlugin_ManufacturerCode",
					"JucePlugin_CFBundleIdentifier=com.yourcompany.ArtieARA",
					"JucePlugin_AAXIdentifier=com.yourcompany.ArtieARA",
					"JucePlugin_AAXManufacturerCode=JucePlugin_ManufacturerCode",
					"JucePlugin_AAXProductId=JucePlugin_PluginCode",
					"JucePlugin_AAXCategory=0",
					"JucePlugin_AAXDisableBypass=0",
					"JucePlugin_AAXDisableMultiMono=0",
					"JucePlugin_IAAType=0x61757278",
					"JucePlugin_IAASubType=JucePlugin_PluginCode",
					"JucePlugin_IAAName=\\\"yourcompany:\\ ArtieARA\\\"",
					"JucePlugin_VSTNumMidiInputs=16",
					"JucePlugin_VSTNumMidiOutputs=16",
					"JucePlugin_ARAContentTypes=0",
					"JucePlugin_ARATransformationFlags=0",
					"JucePlugin_ARAFactoryID=\\\"com.yourcompany.ArtieARA.factory\\\"",
					"JucePlugin_ARADocumentArchiveID=\\\"com.yourcompany.ArtieARA.aradocumentarchive.1.0.0\\\"",
					"JucePlugin_ARACompatibleArchiveIDs=\\\"\\\"",
					"JUCE_STANDALONE_APPLICATION=JucePlugin_Build_Standalone",
					"JUCER_XCODE_MAC_F6D2F4CF=1",
					"JUCE_APP_VERSION=1.0.0",
					"JUCE_APP_VERSION_HEX=0x10000",
				);
				GCC_VERSION = com.apple.compilers.llvm.clang.1_0;
				GENERATE_PKGINFO_FILE = YES;
				HEADER_SEARCH_PATHS = (
					"$(SRCROOT)/../../../JUCE_7/JUCE/modules/juce_audio_processors/format_types/VST3_SDK",
					"$(SRCROOT)/../../JuceLibraryCode",
					"/Users/ryandevens/JUCE_PROJECTS/JUCE_7/ARA_SDK",
					"$(SRCROOT)/../../../JUCE_7/JUCE/modules",
					"$(SRCROOT)/../../../JUCE_7/JUCE/modules/juce_audio_plugin_client",
					"$(inherited)",
				);
				INFOPLIST_FILE = Info-VST3.plist;
				INFOPLIST_PREPROCESS = NO;
				INSTALL_PATH = "$(HOME)/Library/Audio/Plug-Ins/VST3/";
				LIBRARY_STYLE = Bundle;
				LLVM_LTO = YES;
				MACOSX_DEPLOYMENT_TARGET = 10.11;
				MTL_HEADER_SEARCH_PATHS = "$(SRCROOT)/../../../JUCE_7/JUCE/modules/juce_audio_processors/format_types/VST3_SDK $(SRCROOT)/../../JuceLibraryCode /Users/ryandevens/JUCE_PROJECTS/JUCE_7/ARA_SDK $(SRCROOT)/../../../JUCE_7/JUCE/modules $(SRCROOT)/../../../JUCE_7/JUCE/modules/juce_audio_plugin_client";
				OTHER_LDFLAGS = "-bundle -lArtieARA -weak_framework Metal -weak_framework MetalKit";
				PRODUCT_BUNDLE_IDENTIFIER = com.yourcompany.ArtieARA;
				PRODUCT_NAME = "ArtieARA";
				USE_HEADERMAP = NO;
				VALID_ARCHS = "i386 x86_64 arm64 arm64e";
				WRAPPER_EXTENSION = vst3;
			};
			name = Release;
		};
		ADD79D23BB2EA1105ED65929 /* Debug */ = {
			isa = XCBuildConfiguration;
			buildSettings = {
				CLANG_CXX_LANGUAGE_STANDARD = "c++14";
				CLANG_CXX_LIBRARY = "libc++";
				CLANG_LINK_OBJC_RUNTIME = NO;
				CODE_SIGN_IDENTITY = "";
				COMBINE_HIDPI_IMAGES = YES;
				CONFIGURATION_BUILD_DIR = "$(PROJECT_DIR)/build/$(CONFIGURATION)";
				COPY_PHASE_STRIP = NO;
				EXCLUDED_ARCHS = "";
				GCC_DYNAMIC_NO_PIC = NO;
				GCC_OPTIMIZATION_LEVEL = 0;
				GCC_PREPROCESSOR_DEFINITIONS = (
					"_DEBUG=1",
					"DEBUG=1",
					"JUCE_DISPLAY_SPLASH_SCREEN=0",
					"JUCE_USE_DARK_SPLASH_SCREEN=1",
					"JUCE_PROJUCER_VERSION=0x70002",
					"JUCE_MODULE_AVAILABLE_juce_audio_basics=1",
					"JUCE_MODULE_AVAILABLE_juce_audio_devices=1",
					"JUCE_MODULE_AVAILABLE_juce_audio_formats=1",
					"JUCE_MODULE_AVAILABLE_juce_audio_plugin_client=1",
					"JUCE_MODULE_AVAILABLE_juce_audio_processors=1",
					"JUCE_MODULE_AVAILABLE_juce_audio_utils=1",
					"JUCE_MODULE_AVAILABLE_juce_core=1",
					"JUCE_MODULE_AVAILABLE_juce_data_structures=1",
					"JUCE_MODULE_AVAILABLE_juce_events=1",
					"JUCE_MODULE_AVAILABLE_juce_graphics=1",
					"JUCE_MODULE_AVAILABLE_juce_gui_basics=1",
					"JUCE_MODULE_AVAILABLE_juce_gui_extra=1",
					"JUCE_GLOBAL_MODULE_SETTINGS_INCLUDED=1",
					"JUCE_VST3_CAN_REPLACE_VST2=0",
					"JUCE_STRICT_REFCOUNTEDPOINTER=1",
					"JucePlugin_Build_VST=0",
					"JucePlugin_Build_VST3=1",
					"JucePlugin_Build_AU=1",
					"JucePlugin_Build_AUv3=0",
					"JucePlugin_Build_AAX=0",
					"JucePlugin_Build_Standalone=1",
					"JucePlugin_Build_Unity=0",
					"JucePlugin_Build_LV2=0",
					"JucePlugin_Enable_IAA=0",
					"JucePlugin_Enable_ARA=1",
					"JucePlugin_Name=\\\"ArtieARA\\\"",
					"JucePlugin_Desc=\\\"ArtieARA\\\"",
					"JucePlugin_Manufacturer=\\\"yourcompany\\\"",
					"JucePlugin_ManufacturerWebsite=\\\"www.yourcompany.com\\\"",
					"JucePlugin_ManufacturerEmail=\\\"\\\"",
					"JucePlugin_ManufacturerCode=0x4d616e75",
					"JucePlugin_PluginCode=0x4b65386e",
					"JucePlugin_IsSynth=0",
					"JucePlugin_WantsMidiInput=0",
					"JucePlugin_ProducesMidiOutput=0",
					"JucePlugin_IsMidiEffect=0",
					"JucePlugin_EditorRequiresKeyboardFocus=0",
					"JucePlugin_Version=1.0.0",
					"JucePlugin_VersionCode=0x10000",
					"JucePlugin_VersionString=\\\"1.0.0\\\"",
					"JucePlugin_VSTUniqueID=JucePlugin_PluginCode",
					"JucePlugin_VSTCategory=kPlugCategEffect",
					"JucePlugin_Vst3Category=\\\"Fx\\\"",
					"JucePlugin_AUMainType=\\'aufx\\'",
					"JucePlugin_AUSubType=JucePlugin_PluginCode",
					"JucePlugin_AUExportPrefix=ArtieARAAU",
					"JucePlugin_AUExportPrefixQuoted=\\\"ArtieARAAU\\\"",
					"JucePlugin_AUManufacturerCode=JucePlugin_ManufacturerCode",
					"JucePlugin_CFBundleIdentifier=com.yourcompany.ArtieARA",
					"JucePlugin_AAXIdentifier=com.yourcompany.ArtieARA",
					"JucePlugin_AAXManufacturerCode=JucePlugin_ManufacturerCode",
					"JucePlugin_AAXProductId=JucePlugin_PluginCode",
					"JucePlugin_AAXCategory=0",
					"JucePlugin_AAXDisableBypass=0",
					"JucePlugin_AAXDisableMultiMono=0",
					"JucePlugin_IAAType=0x61757278",
					"JucePlugin_IAASubType=JucePlugin_PluginCode",
					"JucePlugin_IAAName=\\\"yourcompany:\\ ArtieARA\\\"",
					"JucePlugin_VSTNumMidiInputs=16",
					"JucePlugin_VSTNumMidiOutputs=16",
					"JucePlugin_ARAContentTypes=0",
					"JucePlugin_ARATransformationFlags=0",
					"JucePlugin_ARAFactoryID=\\\"com.yourcompany.ArtieARA.factory\\\"",
					"JucePlugin_ARADocumentArchiveID=\\\"com.yourcompany.ArtieARA.aradocumentarchive.1.0.0\\\"",
					"JucePlugin_ARACompatibleArchiveIDs=\\\"\\\"",
					"JUCE_STANDALONE_APPLICATION=JucePlugin_Build_Standalone",
					"JUCER_XCODE_MAC_F6D2F4CF=1",
					"JUCE_APP_VERSION=1.0.0",
					"JUCE_APP_VERSION_HEX=0x10000",
					"JUCE_SHARED_CODE=1",
				);
				GCC_VERSION = com.apple.compilers.llvm.clang.1_0;
				HEADER_SEARCH_PATHS = (
					"$(SRCROOT)/../../../JUCE_7/JUCE/modules/juce_audio_processors/format_types/VST3_SDK",
					"$(SRCROOT)/../../JuceLibraryCode",
					"/Users/ryandevens/JUCE_PROJECTS/JUCE_7/ARA_SDK",
					"$(SRCROOT)/../../../JUCE_7/JUCE/modules",
					"$(SRCROOT)/../../../JUCE_7/JUCE/modules/juce_audio_plugin_client",
					"$(inherited)",
				);
				INSTALL_PATH = "@executable_path/../Frameworks";
				MACOSX_DEPLOYMENT_TARGET = 10.11;
				MTL_HEADER_SEARCH_PATHS = "$(SRCROOT)/../../../JUCE_7/JUCE/modules/juce_audio_processors/format_types/VST3_SDK $(SRCROOT)/../../JuceLibraryCode /Users/ryandevens/JUCE_PROJECTS/JUCE_7/ARA_SDK $(SRCROOT)/../../../JUCE_7/JUCE/modules $(SRCROOT)/../../../JUCE_7/JUCE/modules/juce_audio_plugin_client";
				OTHER_LDFLAGS = "-weak_framework Metal -weak_framework MetalKit";
				PRODUCT_BUNDLE_IDENTIFIER = com.yourcompany.ArtieARA;
				PRODUCT_NAME = "ArtieARA";
				SKIP_INSTALL = YES;
				USE_HEADERMAP = NO;
				VALID_ARCHS = "i386 x86_64 arm64 arm64e";
			};
			name = Debug;
		};
		C50CAFC8EE46C6E94130F1BA /* Release */ = {
			isa = XCBuildConfiguration;
			buildSettings = {
				CLANG_CXX_LANGUAGE_STANDARD = "c++14";
				CLANG_CXX_LIBRARY = "libc++";
				CLANG_LINK_OBJC_RUNTIME = NO;
				CODE_SIGN_IDENTITY = "";
				COMBINE_HIDPI_IMAGES = YES;
				CONFIGURATION_BUILD_DIR = "$(PROJECT_DIR)/build/$(CONFIGURATION)";
				DEAD_CODE_STRIPPING = YES;
				EXCLUDED_ARCHS = "";
				GCC_GENERATE_DEBUGGING_SYMBOLS = NO;
				GCC_OPTIMIZATION_LEVEL = 3;
				GCC_PREPROCESSOR_DEFINITIONS = (
					"_NDEBUG=1",
					"NDEBUG=1",
					"JUCE_DISPLAY_SPLASH_SCREEN=0",
					"JUCE_USE_DARK_SPLASH_SCREEN=1",
					"JUCE_PROJUCER_VERSION=0x70002",
					"JUCE_MODULE_AVAILABLE_juce_audio_basics=1",
					"JUCE_MODULE_AVAILABLE_juce_audio_devices=1",
					"JUCE_MODULE_AVAILABLE_juce_audio_formats=1",
					"JUCE_MODULE_AVAILABLE_juce_audio_plugin_client=1",
					"JUCE_MODULE_AVAILABLE_juce_audio_processors=1",
					"JUCE_MODULE_AVAILABLE_juce_audio_utils=1",
					"JUCE_MODULE_AVAILABLE_juce_core=1",
					"JUCE_MODULE_AVAILABLE_juce_data_structures=1",
					"JUCE_MODULE_AVAILABLE_juce_events=1",
					"JUCE_MODULE_AVAILABLE_juce_graphics=1",
					"JUCE_MODULE_AVAILABLE_juce_gui_basics=1",
					"JUCE_MODULE_AVAILABLE_juce_gui_extra=1",
					"JUCE_GLOBAL_MODULE_SETTINGS_INCLUDED=1",
					"JUCE_VST3_CAN_REPLACE_VST2=0",
					"JUCE_STRICT_REFCOUNTEDPOINTER=1",
					"JucePlugin_Build_VST=0",
					"JucePlugin_Build_VST3=1",
					"JucePlugin_Build_AU=1",
					"JucePlugin_Build_AUv3=0",
					"JucePlugin_Build_AAX=0",
					"JucePlugin_Build_Standalone=1",
					"JucePlugin_Build_Unity=0",
					"JucePlugin_Build_LV2=0",
					"JucePlugin_Enable_IAA=0",
					"JucePlugin_Enable_ARA=1",
					"JucePlugin_Name=\\\"ArtieARA\\\"",
					"JucePlugin_Desc=\\\"ArtieARA\\\"",
					"JucePlugin_Manufacturer=\\\"yourcompany\\\"",
					"JucePlugin_ManufacturerWebsite=\\\"www.yourcompany.com\\\"",
					"JucePlugin_ManufacturerEmail=\\\"\\\"",
					"JucePlugin_ManufacturerCode=0x4d616e75",
					"JucePlugin_PluginCode=0x4b65386e",
					"JucePlugin_IsSynth=0",
					"JucePlugin_WantsMidiInput=0",
					"JucePlugin_ProducesMidiOutput=0",
					"JucePlugin_IsMidiEffect=0",
					"JucePlugin_EditorRequiresKeyboardFocus=0",
					"JucePlugin_Version=1.0.0",
					"JucePlugin_VersionCode=0x10000",
					"JucePlugin_VersionString=\\\"1.0.0\\\"",
					"JucePlugin_VSTUniqueID=JucePlugin_PluginCode",
					"JucePlugin_VSTCategory=kPlugCategEffect",
					"JucePlugin_Vst3Category=\\\"Fx\\\"",
					"JucePlugin_AUMainType=\\'aufx\\'",
					"JucePlugin_AUSubType=JucePlugin_PluginCode",
					"JucePlugin_AUExportPrefix=ArtieARAAU",
					"JucePlugin_AUExportPrefixQuoted=\\\"ArtieARAAU\\\"",
					"JucePlugin_AUManufacturerCode=JucePlugin_ManufacturerCode",
					"JucePlugin_CFBundleIdentifier=com.yourcompany.ArtieARA",
					"JucePlugin_AAXIdentifier=com.yourcompany.ArtieARA",
					"JucePlugin_AAXManufacturerCode=JucePlugin_ManufacturerCode",
					"JucePlugin_AAXProductId=JucePlugin_PluginCode",
					"JucePlugin_AAXCategory=0",
					"JucePlugin_AAXDisableBypass=0",
					"JucePlugin_AAXDisableMultiMono=0",
					"JucePlugin_IAAType=0x61757278",
					"JucePlugin_IAASubType=JucePlugin_PluginCode",
					"JucePlugin_IAAName=\\\"yourcompany:\\ ArtieARA\\\"",
					"JucePlugin_VSTNumMidiInputs=16",
					"JucePlugin_VSTNumMidiOutputs=16",
					"JucePlugin_ARAContentTypes=0",
					"JucePlugin_ARATransformationFlags=0",
					"JucePlugin_ARAFactoryID=\\\"com.yourcompany.ArtieARA.factory\\\"",
					"JucePlugin_ARADocumentArchiveID=\\\"com.yourcompany.ArtieARA.aradocumentarchive.1.0.0\\\"",
					"JucePlugin_ARACompatibleArchiveIDs=\\\"\\\"",
					"JUCE_STANDALONE_APPLICATION=JucePlugin_Build_Standalone",
					"JUCER_XCODE_MAC_F6D2F4CF=1",
					"JUCE_APP_VERSION=1.0.0",
					"JUCE_APP_VERSION_HEX=0x10000",
					"JUCE_SHARED_CODE=1",
				);
				GCC_VERSION = com.apple.compilers.llvm.clang.1_0;
				HEADER_SEARCH_PATHS = (
					"$(SRCROOT)/../../../JUCE_7/JUCE/modules/juce_audio_processors/format_types/VST3_SDK",
					"$(SRCROOT)/../../JuceLibraryCode",
					"/Users/ryandevens/JUCE_PROJECTS/JUCE_7/ARA_SDK",
					"$(SRCROOT)/../../../JUCE_7/JUCE/modules",
					"$(SRCROOT)/../../../JUCE_7/JUCE/modules/juce_audio_plugin_client",
					"$(inherited)",
				);
				INSTALL_PATH = "@executable_path/../Frameworks";
				LLVM_LTO = YES;
				MACOSX_DEPLOYMENT_TARGET = 10.11;
				MTL_HEADER_SEARCH_PATHS = "$(SRCROOT)/../../../JUCE_7/JUCE/modules/juce_audio_processors/format_types/VST3_SDK $(SRCROOT)/../../JuceLibraryCode /Users/ryandevens/JUCE_PROJECTS/JUCE_7/ARA_SDK $(SRCROOT)/../../../JUCE_7/JUCE/modules $(SRCROOT)/../../../JUCE_7/JUCE/modules/juce_audio_plugin_client";
				OTHER_LDFLAGS = "-weak_framework Metal -weak_framework MetalKit";
				PRODUCT_BUNDLE_IDENTIFIER = com.yourcompany.ArtieARA;
				PRODUCT_NAME = "ArtieARA";
				SKIP_INSTALL = YES;
				USE_HEADERMAP = NO;
				VALID_ARCHS = "i386 x86_64 arm64 arm64e";
			};
			name = Release;
		};
		D6EABD2BD2BAF3396ACD7AD0 /* Release */ = {
			isa = XCBuildConfiguration;
			buildSettings = {
				CLANG_CXX_LANGUAGE_STANDARD = "c++14";
				CLANG_CXX_LIBRARY = "libc++";
				CLANG_LINK_OBJC_RUNTIME = NO;
				CODE_SIGN_IDENTITY = "";
				COMBINE_HIDPI_IMAGES = YES;
				CONFIGURATION_BUILD_DIR = "$(PROJECT_DIR)/build/$(CONFIGURATION)";
				DEAD_CODE_STRIPPING = YES;
				DEPLOYMENT_LOCATION = YES;
				DSTROOT = /;
				EXCLUDED_ARCHS = "";
				GCC_GENERATE_DEBUGGING_SYMBOLS = NO;
				GCC_OPTIMIZATION_LEVEL = 3;
				GCC_PREPROCESSOR_DEFINITIONS = (
					"_NDEBUG=1",
					"NDEBUG=1",
					"JUCE_DISPLAY_SPLASH_SCREEN=0",
					"JUCE_USE_DARK_SPLASH_SCREEN=1",
					"JUCE_PROJUCER_VERSION=0x70002",
					"JUCE_MODULE_AVAILABLE_juce_audio_basics=1",
					"JUCE_MODULE_AVAILABLE_juce_audio_devices=1",
					"JUCE_MODULE_AVAILABLE_juce_audio_formats=1",
					"JUCE_MODULE_AVAILABLE_juce_audio_plugin_client=1",
					"JUCE_MODULE_AVAILABLE_juce_audio_processors=1",
					"JUCE_MODULE_AVAILABLE_juce_audio_utils=1",
					"JUCE_MODULE_AVAILABLE_juce_core=1",
					"JUCE_MODULE_AVAILABLE_juce_data_structures=1",
					"JUCE_MODULE_AVAILABLE_juce_events=1",
					"JUCE_MODULE_AVAILABLE_juce_graphics=1",
					"JUCE_MODULE_AVAILABLE_juce_gui_basics=1",
					"JUCE_MODULE_AVAILABLE_juce_gui_extra=1",
					"JUCE_GLOBAL_MODULE_SETTINGS_INCLUDED=1",
					"JUCE_VST3_CAN_REPLACE_VST2=0",
					"JUCE_STRICT_REFCOUNTEDPOINTER=1",
					"JucePlugin_Build_VST=0",
					"JucePlugin_Build_VST3=0",
					"JucePlugin_Build_AU=1",
					"JucePlugin_Build_AUv3=0",
					"JucePlugin_Build_AAX=0",
					"JucePlugin_Build_Standalone=0",
					"JucePlugin_Build_Unity=0",
					"JucePlugin_Build_LV2=0",
					"JucePlugin_Enable_IAA=0",
					"JucePlugin_Enable_ARA=1",
					"JucePlugin_Name=\\\"ArtieARA\\\"",
					"JucePlugin_Desc=\\\"ArtieARA\\\"",
					"JucePlugin_Manufacturer=\\\"yourcompany\\\"",
					"JucePlugin_ManufacturerWebsite=\\\"www.yourcompany.com\\\"",
					"JucePlugin_ManufacturerEmail=\\\"\\\"",
					"JucePlugin_ManufacturerCode=0x4d616e75",
					"JucePlugin_PluginCode=0x4b65386e",
					"JucePlugin_IsSynth=0",
					"JucePlugin_WantsMidiInput=0",
					"JucePlugin_ProducesMidiOutput=0",
					"JucePlugin_IsMidiEffect=0",
					"JucePlugin_EditorRequiresKeyboardFocus=0",
					"JucePlugin_Version=1.0.0",
					"JucePlugin_VersionCode=0x10000",
					"JucePlugin_VersionString=\\\"1.0.0\\\"",
					"JucePlugin_VSTUniqueID=JucePlugin_PluginCode",
					"JucePlugin_VSTCategory=kPlugCategEffect",
					"JucePlugin_Vst3Category=\\\"Fx\\\"",
					"JucePlugin_AUMainType=\\'aufx\\'",
					"JucePlugin_AUSubType=JucePlugin_PluginCode",
					"JucePlugin_AUExportPrefix=ArtieARAAU",
					"JucePlugin_AUExportPrefixQuoted=\\\"ArtieARAAU\\\"",
					"JucePlugin_AUManufacturerCode=JucePlugin_ManufacturerCode",
					"JucePlugin_CFBundleIdentifier=com.yourcompany.ArtieARA",
					"JucePlugin_AAXIdentifier=com.yourcompany.ArtieARA",
					"JucePlugin_AAXManufacturerCode=JucePlugin_ManufacturerCode",
					"JucePlugin_AAXProductId=JucePlugin_PluginCode",
					"JucePlugin_AAXCategory=0",
					"JucePlugin_AAXDisableBypass=0",
					"JucePlugin_AAXDisableMultiMono=0",
					"JucePlugin_IAAType=0x61757278",
					"JucePlugin_IAASubType=JucePlugin_PluginCode",
					"JucePlugin_IAAName=\\\"yourcompany:\\ ArtieARA\\\"",
					"JucePlugin_VSTNumMidiInputs=16",
					"JucePlugin_VSTNumMidiOutputs=16",
					"JucePlugin_ARAContentTypes=0",
					"JucePlugin_ARATransformationFlags=0",
					"JucePlugin_ARAFactoryID=\\\"com.yourcompany.ArtieARA.factory\\\"",
					"JucePlugin_ARADocumentArchiveID=\\\"com.yourcompany.ArtieARA.aradocumentarchive.1.0.0\\\"",
					"JucePlugin_ARACompatibleArchiveIDs=\\\"\\\"",
					"JUCE_STANDALONE_APPLICATION=JucePlugin_Build_Standalone",
					"JUCER_XCODE_MAC_F6D2F4CF=1",
					"JUCE_APP_VERSION=1.0.0",
					"JUCE_APP_VERSION_HEX=0x10000",
				);
				GCC_VERSION = com.apple.compilers.llvm.clang.1_0;
				GENERATE_PKGINFO_FILE = YES;
				HEADER_SEARCH_PATHS = (
					"$(SRCROOT)/../../../JUCE_7/JUCE/modules/juce_audio_processors/format_types/VST3_SDK",
					"$(SRCROOT)/../../JuceLibraryCode",
					"/Users/ryandevens/JUCE_PROJECTS/JUCE_7/ARA_SDK",
					"$(SRCROOT)/../../../JUCE_7/JUCE/modules",
					"$(SRCROOT)/../../../JUCE_7/JUCE/modules/juce_audio_plugin_client",
					"$(inherited)",
				);
				INFOPLIST_FILE = Info-AU.plist;
				INFOPLIST_PREPROCESS = NO;
				INSTALL_PATH = "$(HOME)/Library/Audio/Plug-Ins/Components/";
				LIBRARY_STYLE = Bundle;
				LLVM_LTO = YES;
				MACOSX_DEPLOYMENT_TARGET = 10.11;
				MTL_HEADER_SEARCH_PATHS = "$(SRCROOT)/../../../JUCE_7/JUCE/modules/juce_audio_processors/format_types/VST3_SDK $(SRCROOT)/../../JuceLibraryCode /Users/ryandevens/JUCE_PROJECTS/JUCE_7/ARA_SDK $(SRCROOT)/../../../JUCE_7/JUCE/modules $(SRCROOT)/../../../JUCE_7/JUCE/modules/juce_audio_plugin_client";
				OTHER_LDFLAGS = "-bundle -lArtieARA -weak_framework Metal -weak_framework MetalKit";
				OTHER_REZFLAGS = "-d ppc_$ppc -d i386_$i386 -d ppc64_$ppc64 -d x86_64_$x86_64 -d arm64_$arm64 -I /System/Library/Frameworks/CoreServices.framework/Frameworks/CarbonCore.framework/Versions/A/Headers -I \"$(DEVELOPER_DIR)/Extras/CoreAudio/AudioUnits/AUPublic/AUBase\" -I \"$(DEVELOPER_DIR)/Platforms/MacOSX.platform/Developer/SDKs/MacOSX.sdk/System/Library/Frameworks/AudioUnit.framework/Headers\"";
				PRODUCT_BUNDLE_IDENTIFIER = com.yourcompany.ArtieARA;
				PRODUCT_NAME = "ArtieARA";
				USE_HEADERMAP = NO;
				VALID_ARCHS = "i386 x86_64 arm64 arm64e";
				WRAPPER_EXTENSION = component;
			};
			name = Release;
		};
		FD105CD9945FD5193DBE7AAD /* Release */ = {
			isa = XCBuildConfiguration;
			buildSettings = {
				MACOSX_DEPLOYMENT_TARGET = 10.11;
				SDKROOT = macosx;
			};
			name = Release;
		};
/* End XCBuildConfiguration section */

/* Begin XCConfigurationList section */
		238F3C1ECFA70C8C01DE4B01 = {
			isa = XCConfigurationList;
			buildConfigurations = (
				01E99C5F147AE256F1F98B4E,
				210BE8C4201EED3CFC36E0BF,
			);
			defaultConfigurationIsVisible = 0;
			defaultConfigurationName = Debug;
		};
		50EB1604289689588CEFE909 = {
			isa = XCConfigurationList;
			buildConfigurations = (
				53EFC636C12F2C6E5601EF96,
				8434304BFA4DFA99BF81B574,
			);
			defaultConfigurationIsVisible = 0;
			defaultConfigurationName = Debug;
		};
		55CADD54C2480D895D26690D = {
			isa = XCConfigurationList;
			buildConfigurations = (
				38E7FEBF2CF035E25A60274D,
				D6EABD2BD2BAF3396ACD7AD0,
			);
			defaultConfigurationIsVisible = 0;
			defaultConfigurationName = Debug;
		};
		64D0A9A90AA6BEC76F2F936F = {
			isa = XCConfigurationList;
			buildConfigurations = (
				4AEE4E25DD5E8F7ACBC77840,
				62E9190DC22A8358F2830BAE,
			);
			defaultConfigurationIsVisible = 0;
			defaultConfigurationName = Debug;
		};
		849AF9A2EBB55A9356771C7A = {
			isa = XCConfigurationList;
			buildConfigurations = (
				ADD79D23BB2EA1105ED65929,
				C50CAFC8EE46C6E94130F1BA,
			);
			defaultConfigurationIsVisible = 0;
			defaultConfigurationName = Debug;
		};
		E46D3CAA6F7CC483DECD4BF8 = {
			isa = XCConfigurationList;
			buildConfigurations = (
				0011C41DF5CC877F28CFABB8,
				FD105CD9945FD5193DBE7AAD,
			);
			defaultConfigurationIsVisible = 0;
			defaultConfigurationName = Debug;
		};
/* End XCConfigurationList section */
	};
	rootObject = CD29FA0BADB543FC597BF6F7 /* Project object */;
}
